// !$*UTF8*$!
{
	archiveVersion = 1;
	classes = {
	};
	objectVersion = 46;
	objects = {

/* Begin PBXBuildFile section */
		13B07FBC1A68108700A75B9A /* AppDelegate.m in Sources */ = {isa = PBXBuildFile; fileRef = 13B07FB01A68108700A75B9A /* AppDelegate.m */; };
		13B07FBD1A68108700A75B9A /* LaunchScreen.xib in Resources */ = {isa = PBXBuildFile; fileRef = 13B07FB11A68108700A75B9A /* LaunchScreen.xib */; };
		13B07FBF1A68108700A75B9A /* Images.xcassets in Resources */ = {isa = PBXBuildFile; fileRef = 13B07FB51A68108700A75B9A /* Images.xcassets */; };
		13B07FC11A68108700A75B9A /* main.m in Sources */ = {isa = PBXBuildFile; fileRef = 13B07FB71A68108700A75B9A /* main.m */; };
		35D84407F6BA48A384BEC020 /* Merriweather-BoldItalic.ttf in Resources */ = {isa = PBXBuildFile; fileRef = 1DEB3368EDE54C05BD4294E2 /* Merriweather-BoldItalic.ttf */; };
		41DB1F4BB89F4BE880B461D0 /* SpaceMono-Regular.ttf in Resources */ = {isa = PBXBuildFile; fileRef = E5C433349EFA4F739AE21096 /* SpaceMono-Regular.ttf */; };
		5030041E75B44FF99A8822FB /* Merriweather-Light.ttf in Resources */ = {isa = PBXBuildFile; fileRef = 7360537CBD6943B09618FAEF /* Merriweather-Light.ttf */; };
		5093FC5D6905490CBB762CEC /* Merriweather-BlackItalic.ttf in Resources */ = {isa = PBXBuildFile; fileRef = 23A6E13F11684AB99934AD89 /* Merriweather-BlackItalic.ttf */; };
		7511265BB44A44218ED118E7 /* Merriweather-Bold.ttf in Resources */ = {isa = PBXBuildFile; fileRef = CD2F913E2FA64E8CB3D747F3 /* Merriweather-Bold.ttf */; };
		801D4E6C250E252D518E6575 /* libPods-Playpost-PlaypostShareExtension.a in Frameworks */ = {isa = PBXBuildFile; fileRef = 720C6D11F4E221F3292129B4 /* libPods-Playpost-PlaypostShareExtension.a */; };
		8C13332F2292B24E00516937 /* StoreKit.framework in Frameworks */ = {isa = PBXBuildFile; fileRef = 8C13332E2292B24E00516937 /* StoreKit.framework */; };
		8C272C72220F91F200DEF4DB /* dummy2.swift in Sources */ = {isa = PBXBuildFile; fileRef = 8CD3D19D220F7B5B0030C131 /* dummy2.swift */; };
		8C43759422081410000A15FE /* dummy.swift in Sources */ = {isa = PBXBuildFile; fileRef = 8C43759322081410000A15FE /* dummy.swift */; };
		8C4F4D4722D69FA2001F126C /* GetDocumentData.js in Resources */ = {isa = PBXBuildFile; fileRef = 8C4F4D4622D69FA2001F126C /* GetDocumentData.js */; };
		8C5A7DC9220F224A00ECCC65 /* MainInterface.storyboard in Resources */ = {isa = PBXBuildFile; fileRef = 8C5A7DC7220F224A00ECCC65 /* MainInterface.storyboard */; };
		8C5A7DCD220F224A00ECCC65 /* PlaypostShareExtension.appex in Embed App Extensions */ = {isa = PBXBuildFile; fileRef = 8C5A7DC2220F224A00ECCC65 /* PlaypostShareExtension.appex */; settings = {ATTRIBUTES = (RemoveHeadersOnCopy, ); }; };
		8C5A7DD3220F22A700ECCC65 /* PlaypostShareExtension.m in Sources */ = {isa = PBXBuildFile; fileRef = 8C5A7DD2220F22A700ECCC65 /* PlaypostShareExtension.m */; };
		8C7A3A062219D80700A9A9A7 /* Merriweather-Black.ttf in Resources */ = {isa = PBXBuildFile; fileRef = E93C050B5DB7430FABAD8C10 /* Merriweather-Black.ttf */; };
		8C7A3A072219D80700A9A9A7 /* Merriweather-BlackItalic.ttf in Resources */ = {isa = PBXBuildFile; fileRef = 23A6E13F11684AB99934AD89 /* Merriweather-BlackItalic.ttf */; };
		8C7A3A082219D80700A9A9A7 /* Merriweather-Bold.ttf in Resources */ = {isa = PBXBuildFile; fileRef = CD2F913E2FA64E8CB3D747F3 /* Merriweather-Bold.ttf */; };
		8C7A3A092219D80700A9A9A7 /* Merriweather-BoldItalic.ttf in Resources */ = {isa = PBXBuildFile; fileRef = 1DEB3368EDE54C05BD4294E2 /* Merriweather-BoldItalic.ttf */; };
		8C7A3A0A2219D80700A9A9A7 /* Merriweather-Italic.ttf in Resources */ = {isa = PBXBuildFile; fileRef = 208F0875A5244E5E8585FD01 /* Merriweather-Italic.ttf */; };
		8C7A3A0B2219D80700A9A9A7 /* Merriweather-Light.ttf in Resources */ = {isa = PBXBuildFile; fileRef = 7360537CBD6943B09618FAEF /* Merriweather-Light.ttf */; };
		8C7A3A0C2219D80700A9A9A7 /* Merriweather-LightItalic.ttf in Resources */ = {isa = PBXBuildFile; fileRef = 5B9779BB4A0A4F7CBDD605DB /* Merriweather-LightItalic.ttf */; };
		8C7A3A0D2219D80700A9A9A7 /* Merriweather-Regular.ttf in Resources */ = {isa = PBXBuildFile; fileRef = A4737CA2073746B38C3D16F0 /* Merriweather-Regular.ttf */; };
		8C7A3A0E2219D80700A9A9A7 /* SpaceMono-Regular.ttf in Resources */ = {isa = PBXBuildFile; fileRef = E5C433349EFA4F739AE21096 /* SpaceMono-Regular.ttf */; };
		8C96C7BB22B3A1F9006E5704 /* RNPlaceholder.swift in Sources */ = {isa = PBXBuildFile; fileRef = EF37A02FD9F246028F4091AF /* RNPlaceholder.swift */; };
		8CAA1198220F2FC3002741D6 /* JavaScriptCore.framework in Frameworks */ = {isa = PBXBuildFile; fileRef = ED297162215061F000B7C4FE /* JavaScriptCore.framework */; };
		8CCC36A222E0BB0800632984 /* libappcenter-analytics.a in Frameworks */ = {isa = PBXBuildFile; fileRef = 8CCC36A122E0BB0800632984 /* libappcenter-analytics.a */; };
		8CCC36A422E0BB0800632984 /* libappcenter-crashes.a in Frameworks */ = {isa = PBXBuildFile; fileRef = 8CCC36A322E0BB0800632984 /* libappcenter-crashes.a */; };
		8CCC36A622E0BB0800632984 /* libappcenter.a in Frameworks */ = {isa = PBXBuildFile; fileRef = 8CCC36A522E0BB0800632984 /* libappcenter.a */; };
		8CCC36A822E0BB0800632984 /* libDoubleConversion.a in Frameworks */ = {isa = PBXBuildFile; fileRef = 8CCC36A722E0BB0800632984 /* libDoubleConversion.a */; };
		8CCC36AA22E0BB0800632984 /* libFolly.a in Frameworks */ = {isa = PBXBuildFile; fileRef = 8CCC36A922E0BB0800632984 /* libFolly.a */; };
		8CCC36AC22E0BB0800632984 /* libglog.a in Frameworks */ = {isa = PBXBuildFile; fileRef = 8CCC36AB22E0BB0800632984 /* libglog.a */; };
		8CCC36AE22E0BB0800632984 /* libPods-Playpost.a in Frameworks */ = {isa = PBXBuildFile; fileRef = 8CCC36AD22E0BB0800632984 /* libPods-Playpost.a */; };
		8CCC36B022E0BB0800632984 /* libReact-Core.a in Frameworks */ = {isa = PBXBuildFile; fileRef = 8CCC36AF22E0BB0800632984 /* libReact-Core.a */; };
		8CCC36B222E0BB0800632984 /* libReact-cxxreact.a in Frameworks */ = {isa = PBXBuildFile; fileRef = 8CCC36B122E0BB0800632984 /* libReact-cxxreact.a */; };
		8CCC36B422E0BB0800632984 /* libReact-DevSupport.a in Frameworks */ = {isa = PBXBuildFile; fileRef = 8CCC36B322E0BB0800632984 /* libReact-DevSupport.a */; };
		8CCC36B622E0BB0800632984 /* libReact-fishhook.a in Frameworks */ = {isa = PBXBuildFile; fileRef = 8CCC36B522E0BB0800632984 /* libReact-fishhook.a */; };
		8CCC36B822E0BB0800632984 /* libReact-jsi.a in Frameworks */ = {isa = PBXBuildFile; fileRef = 8CCC36B722E0BB0800632984 /* libReact-jsi.a */; };
		8CCC36BA22E0BB0800632984 /* libReact-jsiexecutor.a in Frameworks */ = {isa = PBXBuildFile; fileRef = 8CCC36B922E0BB0800632984 /* libReact-jsiexecutor.a */; };
		8CCC36BC22E0BB0800632984 /* libReact-jsinspector.a in Frameworks */ = {isa = PBXBuildFile; fileRef = 8CCC36BB22E0BB0800632984 /* libReact-jsinspector.a */; };
		8CCC36BE22E0BB0800632984 /* libreact-native-config.a in Frameworks */ = {isa = PBXBuildFile; fileRef = 8CCC36BD22E0BB0800632984 /* libreact-native-config.a */; };
		8CCC36C022E0BB0800632984 /* libreact-native-netinfo.a in Frameworks */ = {isa = PBXBuildFile; fileRef = 8CCC36BF22E0BB0800632984 /* libreact-native-netinfo.a */; };
		8CCC36C222E0BB0800632984 /* libreact-native-splash-screen.a in Frameworks */ = {isa = PBXBuildFile; fileRef = 8CCC36C122E0BB0800632984 /* libreact-native-splash-screen.a */; };
		8CCC36C422E0BB0800632984 /* libreact-native-track-player.a in Frameworks */ = {isa = PBXBuildFile; fileRef = 8CCC36C322E0BB0800632984 /* libreact-native-track-player.a */; };
		8CCC36C622E0BB0800632984 /* libreact-native-video.a in Frameworks */ = {isa = PBXBuildFile; fileRef = 8CCC36C522E0BB0800632984 /* libreact-native-video.a */; };
		8CCC36C822E0BB0800632984 /* libreact-native-webview.a in Frameworks */ = {isa = PBXBuildFile; fileRef = 8CCC36C722E0BB0800632984 /* libreact-native-webview.a */; };
		8CCC36CA22E0BB0800632984 /* libReact-RCTActionSheet.a in Frameworks */ = {isa = PBXBuildFile; fileRef = 8CCC36C922E0BB0800632984 /* libReact-RCTActionSheet.a */; };
		8CCC36CC22E0BB0800632984 /* libReact-RCTAnimation.a in Frameworks */ = {isa = PBXBuildFile; fileRef = 8CCC36CB22E0BB0800632984 /* libReact-RCTAnimation.a */; };
		8CCC36CE22E0BB0800632984 /* libReact-RCTBlob.a in Frameworks */ = {isa = PBXBuildFile; fileRef = 8CCC36CD22E0BB0800632984 /* libReact-RCTBlob.a */; };
		8CCC36D022E0BB0800632984 /* libReact-RCTImage.a in Frameworks */ = {isa = PBXBuildFile; fileRef = 8CCC36CF22E0BB0800632984 /* libReact-RCTImage.a */; };
		8CCC36D222E0BB0800632984 /* libReact-RCTLinking.a in Frameworks */ = {isa = PBXBuildFile; fileRef = 8CCC36D122E0BB0800632984 /* libReact-RCTLinking.a */; };
		8CCC36D422E0BB0800632984 /* libReact-RCTNetwork.a in Frameworks */ = {isa = PBXBuildFile; fileRef = 8CCC36D322E0BB0800632984 /* libReact-RCTNetwork.a */; };
		8CCC36D622E0BB0800632984 /* libReact-RCTSettings.a in Frameworks */ = {isa = PBXBuildFile; fileRef = 8CCC36D522E0BB0800632984 /* libReact-RCTSettings.a */; };
		8CCC36D822E0BB0800632984 /* libReact-RCTText.a in Frameworks */ = {isa = PBXBuildFile; fileRef = 8CCC36D722E0BB0800632984 /* libReact-RCTText.a */; };
		8CCC36DA22E0BB0800632984 /* libReact-RCTVibration.a in Frameworks */ = {isa = PBXBuildFile; fileRef = 8CCC36D922E0BB0800632984 /* libReact-RCTVibration.a */; };
		8CCC36DC22E0BB0800632984 /* libReact-RCTWebSocket.a in Frameworks */ = {isa = PBXBuildFile; fileRef = 8CCC36DB22E0BB0800632984 /* libReact-RCTWebSocket.a */; };
		8CCC36DE22E0BB0800632984 /* librn-fetch-blob.a in Frameworks */ = {isa = PBXBuildFile; fileRef = 8CCC36DD22E0BB0800632984 /* librn-fetch-blob.a */; };
		8CCC36E022E0BB0800632984 /* libRNCAsyncStorage.a in Frameworks */ = {isa = PBXBuildFile; fileRef = 8CCC36DF22E0BB0800632984 /* libRNCAsyncStorage.a */; };
		8CCC36E222E0BB0800632984 /* libRNDeviceInfo.a in Frameworks */ = {isa = PBXBuildFile; fileRef = 8CCC36E122E0BB0800632984 /* libRNDeviceInfo.a */; };
		8CCC36E422E0BB0800632984 /* libRNFS.a in Frameworks */ = {isa = PBXBuildFile; fileRef = 8CCC36E322E0BB0800632984 /* libRNFS.a */; };
		8CCC36E622E0BB0800632984 /* libRNGestureHandler.a in Frameworks */ = {isa = PBXBuildFile; fileRef = 8CCC36E522E0BB0800632984 /* libRNGestureHandler.a */; };
		8CCC36E822E0BB0800632984 /* libRNIap.a in Frameworks */ = {isa = PBXBuildFile; fileRef = 8CCC36E722E0BB0800632984 /* libRNIap.a */; };
		8CCC36EA22E0BB0800632984 /* libRNKeychain.a in Frameworks */ = {isa = PBXBuildFile; fileRef = 8CCC36E922E0BB0800632984 /* libRNKeychain.a */; };
		8CCC36EC22E0BB0800632984 /* libRNReanimated.a in Frameworks */ = {isa = PBXBuildFile; fileRef = 8CCC36EB22E0BB0800632984 /* libRNReanimated.a */; };
		8CCC36EE22E0BB0800632984 /* libRNScreens.a in Frameworks */ = {isa = PBXBuildFile; fileRef = 8CCC36ED22E0BB0800632984 /* libRNScreens.a */; };
		8CCC36F022E0BB0800632984 /* libRNVectorIcons.a in Frameworks */ = {isa = PBXBuildFile; fileRef = 8CCC36EF22E0BB0800632984 /* libRNVectorIcons.a */; };
		8CCC36F222E0BB0800632984 /* libyoga.a in Frameworks */ = {isa = PBXBuildFile; fileRef = 8CCC36F122E0BB0800632984 /* libyoga.a */; };
		8CCC36F522E0BB0800632984 /* libReactNativeConfig-tvOS.a in Frameworks */ = {isa = PBXBuildFile; fileRef = 8C22088022E0B6400029B873 /* libReactNativeConfig-tvOS.a */; };
		8CCC36F622E0BB0800632984 /* libReactNativeConfig.a in Frameworks */ = {isa = PBXBuildFile; fileRef = 8C22087E22E0B6400029B873 /* libReactNativeConfig.a */; };
		8CD3D194220F69A50030C131 /* Images.xcassets in Resources */ = {isa = PBXBuildFile; fileRef = 13B07FB51A68108700A75B9A /* Images.xcassets */; };
		8CD3D19E220F7B5B0030C131 /* dummy2.swift in Sources */ = {isa = PBXBuildFile; fileRef = 8CD3D19D220F7B5B0030C131 /* dummy2.swift */; };
		99C3B16B8F9AA75F78DBE17D /* libPods-Playpost.a in Frameworks */ = {isa = PBXBuildFile; fileRef = EE776479D18664E4E22DF773 /* libPods-Playpost.a */; };
		A64A372C832C4F67B5C9F81E /* Merriweather-Italic.ttf in Resources */ = {isa = PBXBuildFile; fileRef = 208F0875A5244E5E8585FD01 /* Merriweather-Italic.ttf */; };
		BA57E94CCC4F4FEFBFBCCFC9 /* Merriweather-Black.ttf in Resources */ = {isa = PBXBuildFile; fileRef = E93C050B5DB7430FABAD8C10 /* Merriweather-Black.ttf */; };
		D820DC91A1B84330B668B87A /* RNPlaceholder.swift in Sources */ = {isa = PBXBuildFile; fileRef = EF37A02FD9F246028F4091AF /* RNPlaceholder.swift */; };
		DD6BBD1A43F44BC8A477438A /* AppCenter-Config.plist in Resources */ = {isa = PBXBuildFile; fileRef = 8CE153E601D849F1A72C8047 /* AppCenter-Config.plist */; };
		ED297163215061F000B7C4FE /* JavaScriptCore.framework in Frameworks */ = {isa = PBXBuildFile; fileRef = ED297162215061F000B7C4FE /* JavaScriptCore.framework */; };
		EFA00F99313549C38DC09A55 /* Merriweather-Regular.ttf in Resources */ = {isa = PBXBuildFile; fileRef = A4737CA2073746B38C3D16F0 /* Merriweather-Regular.ttf */; };
		F3D7C7106DCF4E8CA6FE4D45 /* Merriweather-LightItalic.ttf in Resources */ = {isa = PBXBuildFile; fileRef = 5B9779BB4A0A4F7CBDD605DB /* Merriweather-LightItalic.ttf */; };
/* End PBXBuildFile section */

/* Begin PBXContainerItemProxy section */
		8C22087D22E0B6400029B873 /* PBXContainerItemProxy */ = {
			isa = PBXContainerItemProxy;
			containerPortal = 8C22087822E0B6400029B873 /* ReactNativeConfig.xcodeproj */;
			proxyType = 2;
			remoteGlobalIDString = EB2648DF1C7BE17A00B8F155;
			remoteInfo = ReactNativeConfig;
		};
		8C22087F22E0B6400029B873 /* PBXContainerItemProxy */ = {
			isa = PBXContainerItemProxy;
			containerPortal = 8C22087822E0B6400029B873 /* ReactNativeConfig.xcodeproj */;
			proxyType = 2;
			remoteGlobalIDString = 3DF7F6AC203AA09B00D0EAB7;
			remoteInfo = "ReactNativeConfig-tvOS";
		};
		8C5A7DCB220F224A00ECCC65 /* PBXContainerItemProxy */ = {
			isa = PBXContainerItemProxy;
			containerPortal = 83CBB9F71A601CBA00E9B192 /* Project object */;
			proxyType = 1;
			remoteGlobalIDString = 8C5A7DC1220F224A00ECCC65;
			remoteInfo = PlaypostShareExtension;
		};
/* End PBXContainerItemProxy section */

/* Begin PBXCopyFilesBuildPhase section */
		8C5A7DD1220F224A00ECCC65 /* Embed App Extensions */ = {
			isa = PBXCopyFilesBuildPhase;
			buildActionMask = 2147483647;
			dstPath = "";
			dstSubfolderSpec = 13;
			files = (
				8C5A7DCD220F224A00ECCC65 /* PlaypostShareExtension.appex in Embed App Extensions */,
			);
			name = "Embed App Extensions";
			runOnlyForDeploymentPostprocessing = 0;
		};
/* End PBXCopyFilesBuildPhase section */

/* Begin PBXFileReference section */
		008F07F21AC5B25A0029DE68 /* main.jsbundle */ = {isa = PBXFileReference; fileEncoding = 4; lastKnownFileType = text; path = main.jsbundle; sourceTree = "<group>"; };
		00E356F11AD99517003FC87E /* Info.plist */ = {isa = PBXFileReference; lastKnownFileType = text.plist.xml; path = Info.plist; sourceTree = "<group>"; };
		00E356F21AD99517003FC87E /* PlaypostTests.m */ = {isa = PBXFileReference; lastKnownFileType = sourcecode.c.objc; path = PlaypostTests.m; sourceTree = "<group>"; };
		0A15F76A9A24C0B1235B42F8 /* Pods-PlaypostShareExtension.debug.xcconfig */ = {isa = PBXFileReference; includeInIndex = 1; lastKnownFileType = text.xcconfig; name = "Pods-PlaypostShareExtension.debug.xcconfig"; path = "Target Support Files/Pods-PlaypostShareExtension/Pods-PlaypostShareExtension.debug.xcconfig"; sourceTree = "<group>"; };
		13B07F961A680F5B00A75B9A /* Playpost.app */ = {isa = PBXFileReference; explicitFileType = wrapper.application; includeInIndex = 0; path = Playpost.app; sourceTree = BUILT_PRODUCTS_DIR; };
		13B07FAF1A68108700A75B9A /* AppDelegate.h */ = {isa = PBXFileReference; fileEncoding = 4; lastKnownFileType = sourcecode.c.h; name = AppDelegate.h; path = Playpost/AppDelegate.h; sourceTree = "<group>"; };
		13B07FB01A68108700A75B9A /* AppDelegate.m */ = {isa = PBXFileReference; fileEncoding = 4; lastKnownFileType = sourcecode.c.objc; name = AppDelegate.m; path = Playpost/AppDelegate.m; sourceTree = "<group>"; };
		13B07FB21A68108700A75B9A /* Base */ = {isa = PBXFileReference; lastKnownFileType = file.xib; name = Base; path = Base.lproj/LaunchScreen.xib; sourceTree = "<group>"; };
		13B07FB51A68108700A75B9A /* Images.xcassets */ = {isa = PBXFileReference; lastKnownFileType = folder.assetcatalog; name = Images.xcassets; path = Playpost/Images.xcassets; sourceTree = "<group>"; };
		13B07FB61A68108700A75B9A /* Info.plist */ = {isa = PBXFileReference; fileEncoding = 4; lastKnownFileType = text.plist.xml; name = Info.plist; path = Playpost/Info.plist; sourceTree = "<group>"; };
		13B07FB71A68108700A75B9A /* main.m */ = {isa = PBXFileReference; fileEncoding = 4; lastKnownFileType = sourcecode.c.objc; name = main.m; path = Playpost/main.m; sourceTree = "<group>"; };
		1DEB3368EDE54C05BD4294E2 /* Merriweather-BoldItalic.ttf */ = {isa = PBXFileReference; explicitFileType = undefined; fileEncoding = 9; includeInIndex = 0; lastKnownFileType = unknown; name = "Merriweather-BoldItalic.ttf"; path = "../src/assets/fonts/Merriweather-BoldItalic.ttf"; sourceTree = "<group>"; };
		1FE43578267C0E0F264449D0 /* Pods-Playpost-PlaypostShareExtension.debug.xcconfig */ = {isa = PBXFileReference; includeInIndex = 1; lastKnownFileType = text.xcconfig; name = "Pods-Playpost-PlaypostShareExtension.debug.xcconfig"; path = "Target Support Files/Pods-Playpost-PlaypostShareExtension/Pods-Playpost-PlaypostShareExtension.debug.xcconfig"; sourceTree = "<group>"; };
		208F0875A5244E5E8585FD01 /* Merriweather-Italic.ttf */ = {isa = PBXFileReference; explicitFileType = undefined; fileEncoding = 9; includeInIndex = 0; lastKnownFileType = unknown; name = "Merriweather-Italic.ttf"; path = "../src/assets/fonts/Merriweather-Italic.ttf"; sourceTree = "<group>"; };
		23A6E13F11684AB99934AD89 /* Merriweather-BlackItalic.ttf */ = {isa = PBXFileReference; explicitFileType = undefined; fileEncoding = 9; includeInIndex = 0; lastKnownFileType = unknown; name = "Merriweather-BlackItalic.ttf"; path = "../src/assets/fonts/Merriweather-BlackItalic.ttf"; sourceTree = "<group>"; };
		2D16E6891FA4F8E400B85C8A /* libReact.a */ = {isa = PBXFileReference; explicitFileType = archive.ar; path = libReact.a; sourceTree = BUILT_PRODUCTS_DIR; };
		56A36F74B615B6F0059E984A /* Pods-PlaypostShareExtension.release.xcconfig */ = {isa = PBXFileReference; includeInIndex = 1; lastKnownFileType = text.xcconfig; name = "Pods-PlaypostShareExtension.release.xcconfig"; path = "Target Support Files/Pods-PlaypostShareExtension/Pods-PlaypostShareExtension.release.xcconfig"; sourceTree = "<group>"; };
		5B9779BB4A0A4F7CBDD605DB /* Merriweather-LightItalic.ttf */ = {isa = PBXFileReference; explicitFileType = undefined; fileEncoding = 9; includeInIndex = 0; lastKnownFileType = unknown; name = "Merriweather-LightItalic.ttf"; path = "../src/assets/fonts/Merriweather-LightItalic.ttf"; sourceTree = "<group>"; };
		720C6D11F4E221F3292129B4 /* libPods-Playpost-PlaypostShareExtension.a */ = {isa = PBXFileReference; explicitFileType = archive.ar; includeInIndex = 0; path = "libPods-Playpost-PlaypostShareExtension.a"; sourceTree = BUILT_PRODUCTS_DIR; };
		7360537CBD6943B09618FAEF /* Merriweather-Light.ttf */ = {isa = PBXFileReference; explicitFileType = undefined; fileEncoding = 9; includeInIndex = 0; lastKnownFileType = unknown; name = "Merriweather-Light.ttf"; path = "../src/assets/fonts/Merriweather-Light.ttf"; sourceTree = "<group>"; };
		8C13332E2292B24E00516937 /* StoreKit.framework */ = {isa = PBXFileReference; lastKnownFileType = wrapper.framework; name = StoreKit.framework; path = System/Library/Frameworks/StoreKit.framework; sourceTree = SDKROOT; };
		8C22087822E0B6400029B873 /* ReactNativeConfig.xcodeproj */ = {isa = PBXFileReference; lastKnownFileType = "wrapper.pb-project"; name = ReactNativeConfig.xcodeproj; path = "../node_modules/react-native-config/ios/ReactNativeConfig.xcodeproj"; sourceTree = "<group>"; };
		8C43759222081410000A15FE /* Playpost-Bridging-Header.h */ = {isa = PBXFileReference; lastKnownFileType = sourcecode.c.h; path = "Playpost-Bridging-Header.h"; sourceTree = "<group>"; };
		8C43759322081410000A15FE /* dummy.swift */ = {isa = PBXFileReference; lastKnownFileType = sourcecode.swift; path = dummy.swift; sourceTree = "<group>"; };
		8C4F4D4622D69FA2001F126C /* GetDocumentData.js */ = {isa = PBXFileReference; fileEncoding = 4; lastKnownFileType = sourcecode.javascript; path = GetDocumentData.js; sourceTree = "<group>"; };
		8C5A7DC2220F224A00ECCC65 /* PlaypostShareExtension.appex */ = {isa = PBXFileReference; explicitFileType = "wrapper.app-extension"; includeInIndex = 0; path = PlaypostShareExtension.appex; sourceTree = BUILT_PRODUCTS_DIR; };
		8C5A7DC8220F224A00ECCC65 /* Base */ = {isa = PBXFileReference; lastKnownFileType = file.storyboard; name = Base; path = Base.lproj/MainInterface.storyboard; sourceTree = "<group>"; };
		8C5A7DCA220F224A00ECCC65 /* Info.plist */ = {isa = PBXFileReference; lastKnownFileType = text.plist.xml; path = Info.plist; sourceTree = "<group>"; };
		8C5A7DD2220F22A700ECCC65 /* PlaypostShareExtension.m */ = {isa = PBXFileReference; lastKnownFileType = sourcecode.c.objc; path = PlaypostShareExtension.m; sourceTree = "<group>"; };
		8CCC36A122E0BB0800632984 /* libappcenter-analytics.a */ = {isa = PBXFileReference; explicitFileType = archive.ar; path = "libappcenter-analytics.a"; sourceTree = BUILT_PRODUCTS_DIR; };
		8CCC36A322E0BB0800632984 /* libappcenter-crashes.a */ = {isa = PBXFileReference; explicitFileType = archive.ar; path = "libappcenter-crashes.a"; sourceTree = BUILT_PRODUCTS_DIR; };
		8CCC36A522E0BB0800632984 /* libappcenter.a */ = {isa = PBXFileReference; explicitFileType = archive.ar; path = libappcenter.a; sourceTree = BUILT_PRODUCTS_DIR; };
		8CCC36A722E0BB0800632984 /* libDoubleConversion.a */ = {isa = PBXFileReference; explicitFileType = archive.ar; path = libDoubleConversion.a; sourceTree = BUILT_PRODUCTS_DIR; };
		8CCC36A922E0BB0800632984 /* libFolly.a */ = {isa = PBXFileReference; explicitFileType = archive.ar; path = libFolly.a; sourceTree = BUILT_PRODUCTS_DIR; };
		8CCC36AB22E0BB0800632984 /* libglog.a */ = {isa = PBXFileReference; explicitFileType = archive.ar; path = libglog.a; sourceTree = BUILT_PRODUCTS_DIR; };
		8CCC36AD22E0BB0800632984 /* libPods-Playpost.a */ = {isa = PBXFileReference; explicitFileType = archive.ar; path = "libPods-Playpost.a"; sourceTree = BUILT_PRODUCTS_DIR; };
		8CCC36AF22E0BB0800632984 /* libReact-Core.a */ = {isa = PBXFileReference; explicitFileType = archive.ar; path = "libReact-Core.a"; sourceTree = BUILT_PRODUCTS_DIR; };
		8CCC36B122E0BB0800632984 /* libReact-cxxreact.a */ = {isa = PBXFileReference; explicitFileType = archive.ar; path = "libReact-cxxreact.a"; sourceTree = BUILT_PRODUCTS_DIR; };
		8CCC36B322E0BB0800632984 /* libReact-DevSupport.a */ = {isa = PBXFileReference; explicitFileType = archive.ar; path = "libReact-DevSupport.a"; sourceTree = BUILT_PRODUCTS_DIR; };
		8CCC36B522E0BB0800632984 /* libReact-fishhook.a */ = {isa = PBXFileReference; explicitFileType = archive.ar; path = "libReact-fishhook.a"; sourceTree = BUILT_PRODUCTS_DIR; };
		8CCC36B722E0BB0800632984 /* libReact-jsi.a */ = {isa = PBXFileReference; explicitFileType = archive.ar; path = "libReact-jsi.a"; sourceTree = BUILT_PRODUCTS_DIR; };
		8CCC36B922E0BB0800632984 /* libReact-jsiexecutor.a */ = {isa = PBXFileReference; explicitFileType = archive.ar; path = "libReact-jsiexecutor.a"; sourceTree = BUILT_PRODUCTS_DIR; };
		8CCC36BB22E0BB0800632984 /* libReact-jsinspector.a */ = {isa = PBXFileReference; explicitFileType = archive.ar; path = "libReact-jsinspector.a"; sourceTree = BUILT_PRODUCTS_DIR; };
		8CCC36BD22E0BB0800632984 /* libreact-native-config.a */ = {isa = PBXFileReference; explicitFileType = archive.ar; path = "libreact-native-config.a"; sourceTree = BUILT_PRODUCTS_DIR; };
		8CCC36BF22E0BB0800632984 /* libreact-native-netinfo.a */ = {isa = PBXFileReference; explicitFileType = archive.ar; path = "libreact-native-netinfo.a"; sourceTree = BUILT_PRODUCTS_DIR; };
		8CCC36C122E0BB0800632984 /* libreact-native-splash-screen.a */ = {isa = PBXFileReference; explicitFileType = archive.ar; path = "libreact-native-splash-screen.a"; sourceTree = BUILT_PRODUCTS_DIR; };
		8CCC36C322E0BB0800632984 /* libreact-native-track-player.a */ = {isa = PBXFileReference; explicitFileType = archive.ar; path = "libreact-native-track-player.a"; sourceTree = BUILT_PRODUCTS_DIR; };
		8CCC36C522E0BB0800632984 /* libreact-native-video.a */ = {isa = PBXFileReference; explicitFileType = archive.ar; path = "libreact-native-video.a"; sourceTree = BUILT_PRODUCTS_DIR; };
		8CCC36C722E0BB0800632984 /* libreact-native-webview.a */ = {isa = PBXFileReference; explicitFileType = archive.ar; path = "libreact-native-webview.a"; sourceTree = BUILT_PRODUCTS_DIR; };
		8CCC36C922E0BB0800632984 /* libReact-RCTActionSheet.a */ = {isa = PBXFileReference; explicitFileType = archive.ar; path = "libReact-RCTActionSheet.a"; sourceTree = BUILT_PRODUCTS_DIR; };
		8CCC36CB22E0BB0800632984 /* libReact-RCTAnimation.a */ = {isa = PBXFileReference; explicitFileType = archive.ar; path = "libReact-RCTAnimation.a"; sourceTree = BUILT_PRODUCTS_DIR; };
		8CCC36CD22E0BB0800632984 /* libReact-RCTBlob.a */ = {isa = PBXFileReference; explicitFileType = archive.ar; path = "libReact-RCTBlob.a"; sourceTree = BUILT_PRODUCTS_DIR; };
		8CCC36CF22E0BB0800632984 /* libReact-RCTImage.a */ = {isa = PBXFileReference; explicitFileType = archive.ar; path = "libReact-RCTImage.a"; sourceTree = BUILT_PRODUCTS_DIR; };
		8CCC36D122E0BB0800632984 /* libReact-RCTLinking.a */ = {isa = PBXFileReference; explicitFileType = archive.ar; path = "libReact-RCTLinking.a"; sourceTree = BUILT_PRODUCTS_DIR; };
		8CCC36D322E0BB0800632984 /* libReact-RCTNetwork.a */ = {isa = PBXFileReference; explicitFileType = archive.ar; path = "libReact-RCTNetwork.a"; sourceTree = BUILT_PRODUCTS_DIR; };
		8CCC36D522E0BB0800632984 /* libReact-RCTSettings.a */ = {isa = PBXFileReference; explicitFileType = archive.ar; path = "libReact-RCTSettings.a"; sourceTree = BUILT_PRODUCTS_DIR; };
		8CCC36D722E0BB0800632984 /* libReact-RCTText.a */ = {isa = PBXFileReference; explicitFileType = archive.ar; path = "libReact-RCTText.a"; sourceTree = BUILT_PRODUCTS_DIR; };
		8CCC36D922E0BB0800632984 /* libReact-RCTVibration.a */ = {isa = PBXFileReference; explicitFileType = archive.ar; path = "libReact-RCTVibration.a"; sourceTree = BUILT_PRODUCTS_DIR; };
		8CCC36DB22E0BB0800632984 /* libReact-RCTWebSocket.a */ = {isa = PBXFileReference; explicitFileType = archive.ar; path = "libReact-RCTWebSocket.a"; sourceTree = BUILT_PRODUCTS_DIR; };
		8CCC36DD22E0BB0800632984 /* librn-fetch-blob.a */ = {isa = PBXFileReference; explicitFileType = archive.ar; path = "librn-fetch-blob.a"; sourceTree = BUILT_PRODUCTS_DIR; };
		8CCC36DF22E0BB0800632984 /* libRNCAsyncStorage.a */ = {isa = PBXFileReference; explicitFileType = archive.ar; path = libRNCAsyncStorage.a; sourceTree = BUILT_PRODUCTS_DIR; };
		8CCC36E122E0BB0800632984 /* libRNDeviceInfo.a */ = {isa = PBXFileReference; explicitFileType = archive.ar; path = libRNDeviceInfo.a; sourceTree = BUILT_PRODUCTS_DIR; };
		8CCC36E322E0BB0800632984 /* libRNFS.a */ = {isa = PBXFileReference; explicitFileType = archive.ar; path = libRNFS.a; sourceTree = BUILT_PRODUCTS_DIR; };
		8CCC36E522E0BB0800632984 /* libRNGestureHandler.a */ = {isa = PBXFileReference; explicitFileType = archive.ar; path = libRNGestureHandler.a; sourceTree = BUILT_PRODUCTS_DIR; };
		8CCC36E722E0BB0800632984 /* libRNIap.a */ = {isa = PBXFileReference; explicitFileType = archive.ar; path = libRNIap.a; sourceTree = BUILT_PRODUCTS_DIR; };
		8CCC36E922E0BB0800632984 /* libRNKeychain.a */ = {isa = PBXFileReference; explicitFileType = archive.ar; path = libRNKeychain.a; sourceTree = BUILT_PRODUCTS_DIR; };
		8CCC36EB22E0BB0800632984 /* libRNReanimated.a */ = {isa = PBXFileReference; explicitFileType = archive.ar; path = libRNReanimated.a; sourceTree = BUILT_PRODUCTS_DIR; };
		8CCC36ED22E0BB0800632984 /* libRNScreens.a */ = {isa = PBXFileReference; explicitFileType = archive.ar; path = libRNScreens.a; sourceTree = BUILT_PRODUCTS_DIR; };
		8CCC36EF22E0BB0800632984 /* libRNVectorIcons.a */ = {isa = PBXFileReference; explicitFileType = archive.ar; path = libRNVectorIcons.a; sourceTree = BUILT_PRODUCTS_DIR; };
		8CCC36F122E0BB0800632984 /* libyoga.a */ = {isa = PBXFileReference; explicitFileType = archive.ar; path = libyoga.a; sourceTree = BUILT_PRODUCTS_DIR; };
		8CD3D19C220F7B5B0030C131 /* PlaypostShareExtension-Bridging-Header.h */ = {isa = PBXFileReference; lastKnownFileType = sourcecode.c.h; path = "PlaypostShareExtension-Bridging-Header.h"; sourceTree = "<group>"; };
		8CD3D19D220F7B5B0030C131 /* dummy2.swift */ = {isa = PBXFileReference; lastKnownFileType = sourcecode.swift; path = dummy2.swift; sourceTree = "<group>"; };
		8CE153E601D849F1A72C8047 /* AppCenter-Config.plist */ = {isa = PBXFileReference; explicitFileType = undefined; fileEncoding = 4; includeInIndex = 0; lastKnownFileType = text.plist.xml; name = "AppCenter-Config.plist"; path = "Playpost/AppCenter-Config.plist"; sourceTree = "<group>"; };
		8CF6C610220F27B800A07384 /* PlaypostShareExtension.entitlements */ = {isa = PBXFileReference; lastKnownFileType = text.plist.entitlements; path = PlaypostShareExtension.entitlements; sourceTree = "<group>"; };
		8CF6C611220F27C100A07384 /* Playpost.entitlements */ = {isa = PBXFileReference; lastKnownFileType = text.plist.entitlements; name = Playpost.entitlements; path = Playpost/Playpost.entitlements; sourceTree = "<group>"; };
		967B91651DF4865C70DEBBF5 /* Pods-Playpost.release.xcconfig */ = {isa = PBXFileReference; includeInIndex = 1; lastKnownFileType = text.xcconfig; name = "Pods-Playpost.release.xcconfig"; path = "Target Support Files/Pods-Playpost/Pods-Playpost.release.xcconfig"; sourceTree = "<group>"; };
		96CE933BDD6957E34194597D /* Pods-Playpost.debug.xcconfig */ = {isa = PBXFileReference; includeInIndex = 1; lastKnownFileType = text.xcconfig; name = "Pods-Playpost.debug.xcconfig"; path = "Target Support Files/Pods-Playpost/Pods-Playpost.debug.xcconfig"; sourceTree = "<group>"; };
		A4737CA2073746B38C3D16F0 /* Merriweather-Regular.ttf */ = {isa = PBXFileReference; explicitFileType = undefined; fileEncoding = 9; includeInIndex = 0; lastKnownFileType = unknown; name = "Merriweather-Regular.ttf"; path = "../src/assets/fonts/Merriweather-Regular.ttf"; sourceTree = "<group>"; };
		C5DFD0BC25DA39F04A97DEA4 /* Pods-Playpost-PlaypostShareExtension.release.xcconfig */ = {isa = PBXFileReference; includeInIndex = 1; lastKnownFileType = text.xcconfig; name = "Pods-Playpost-PlaypostShareExtension.release.xcconfig"; path = "Target Support Files/Pods-Playpost-PlaypostShareExtension/Pods-Playpost-PlaypostShareExtension.release.xcconfig"; sourceTree = "<group>"; };
		CD2F913E2FA64E8CB3D747F3 /* Merriweather-Bold.ttf */ = {isa = PBXFileReference; explicitFileType = undefined; fileEncoding = 9; includeInIndex = 0; lastKnownFileType = unknown; name = "Merriweather-Bold.ttf"; path = "../src/assets/fonts/Merriweather-Bold.ttf"; sourceTree = "<group>"; };
		E5C433349EFA4F739AE21096 /* SpaceMono-Regular.ttf */ = {isa = PBXFileReference; explicitFileType = undefined; fileEncoding = 9; includeInIndex = 0; lastKnownFileType = unknown; name = "SpaceMono-Regular.ttf"; path = "../src/assets/fonts/SpaceMono-Regular.ttf"; sourceTree = "<group>"; };
		E93C050B5DB7430FABAD8C10 /* Merriweather-Black.ttf */ = {isa = PBXFileReference; explicitFileType = undefined; fileEncoding = 9; includeInIndex = 0; lastKnownFileType = unknown; name = "Merriweather-Black.ttf"; path = "../src/assets/fonts/Merriweather-Black.ttf"; sourceTree = "<group>"; };
		ED297162215061F000B7C4FE /* JavaScriptCore.framework */ = {isa = PBXFileReference; lastKnownFileType = wrapper.framework; name = JavaScriptCore.framework; path = System/Library/Frameworks/JavaScriptCore.framework; sourceTree = SDKROOT; };
		ED2971642150620600B7C4FE /* JavaScriptCore.framework */ = {isa = PBXFileReference; lastKnownFileType = wrapper.framework; name = JavaScriptCore.framework; path = Platforms/AppleTVOS.platform/Developer/SDKs/AppleTVOS12.0.sdk/System/Library/Frameworks/JavaScriptCore.framework; sourceTree = DEVELOPER_DIR; };
		EE776479D18664E4E22DF773 /* libPods-Playpost.a */ = {isa = PBXFileReference; explicitFileType = archive.ar; includeInIndex = 0; path = "libPods-Playpost.a"; sourceTree = BUILT_PRODUCTS_DIR; };
		EF37A02FD9F246028F4091AF /* RNPlaceholder.swift */ = {isa = PBXFileReference; explicitFileType = undefined; fileEncoding = 4; includeInIndex = 0; lastKnownFileType = sourcecode.swift; path = RNPlaceholder.swift; sourceTree = "<group>"; };
/* End PBXFileReference section */

/* Begin PBXFrameworksBuildPhase section */
		13B07F8C1A680F5B00A75B9A /* Frameworks */ = {
			isa = PBXFrameworksBuildPhase;
			buildActionMask = 2147483647;
			files = (
				ED297163215061F000B7C4FE /* JavaScriptCore.framework in Frameworks */,
				8C13332F2292B24E00516937 /* StoreKit.framework in Frameworks */,
				99C3B16B8F9AA75F78DBE17D /* libPods-Playpost.a in Frameworks */,
			);
			runOnlyForDeploymentPostprocessing = 0;
		};
		8C5A7DBF220F224A00ECCC65 /* Frameworks */ = {
			isa = PBXFrameworksBuildPhase;
			buildActionMask = 2147483647;
			files = (
				8CCC36A222E0BB0800632984 /* libappcenter-analytics.a in Frameworks */,
				8CCC36A422E0BB0800632984 /* libappcenter-crashes.a in Frameworks */,
				8CCC36A622E0BB0800632984 /* libappcenter.a in Frameworks */,
				8CCC36A822E0BB0800632984 /* libDoubleConversion.a in Frameworks */,
				8CCC36AA22E0BB0800632984 /* libFolly.a in Frameworks */,
				8CCC36AC22E0BB0800632984 /* libglog.a in Frameworks */,
				8CCC36AE22E0BB0800632984 /* libPods-Playpost.a in Frameworks */,
				8CCC36B022E0BB0800632984 /* libReact-Core.a in Frameworks */,
				8CCC36B222E0BB0800632984 /* libReact-cxxreact.a in Frameworks */,
				8CCC36B422E0BB0800632984 /* libReact-DevSupport.a in Frameworks */,
				8CCC36B622E0BB0800632984 /* libReact-fishhook.a in Frameworks */,
				8CCC36B822E0BB0800632984 /* libReact-jsi.a in Frameworks */,
				8CCC36BA22E0BB0800632984 /* libReact-jsiexecutor.a in Frameworks */,
				8CCC36BC22E0BB0800632984 /* libReact-jsinspector.a in Frameworks */,
				8CCC36BE22E0BB0800632984 /* libreact-native-config.a in Frameworks */,
				8CCC36C022E0BB0800632984 /* libreact-native-netinfo.a in Frameworks */,
				8CCC36C222E0BB0800632984 /* libreact-native-splash-screen.a in Frameworks */,
				8CCC36C422E0BB0800632984 /* libreact-native-track-player.a in Frameworks */,
				8CCC36C622E0BB0800632984 /* libreact-native-video.a in Frameworks */,
				8CCC36C822E0BB0800632984 /* libreact-native-webview.a in Frameworks */,
				8CCC36CA22E0BB0800632984 /* libReact-RCTActionSheet.a in Frameworks */,
				8CCC36CC22E0BB0800632984 /* libReact-RCTAnimation.a in Frameworks */,
				8CCC36CE22E0BB0800632984 /* libReact-RCTBlob.a in Frameworks */,
				8CCC36D022E0BB0800632984 /* libReact-RCTImage.a in Frameworks */,
				8CCC36D222E0BB0800632984 /* libReact-RCTLinking.a in Frameworks */,
				8CCC36D422E0BB0800632984 /* libReact-RCTNetwork.a in Frameworks */,
				8CCC36D622E0BB0800632984 /* libReact-RCTSettings.a in Frameworks */,
				8CCC36D822E0BB0800632984 /* libReact-RCTText.a in Frameworks */,
				8CCC36DA22E0BB0800632984 /* libReact-RCTVibration.a in Frameworks */,
				8CCC36DC22E0BB0800632984 /* libReact-RCTWebSocket.a in Frameworks */,
				8CCC36F522E0BB0800632984 /* libReactNativeConfig-tvOS.a in Frameworks */,
				8CCC36F622E0BB0800632984 /* libReactNativeConfig.a in Frameworks */,
				8CCC36DE22E0BB0800632984 /* librn-fetch-blob.a in Frameworks */,
				8CCC36E022E0BB0800632984 /* libRNCAsyncStorage.a in Frameworks */,
				8CCC36E222E0BB0800632984 /* libRNDeviceInfo.a in Frameworks */,
				8CCC36E422E0BB0800632984 /* libRNFS.a in Frameworks */,
				8CCC36E622E0BB0800632984 /* libRNGestureHandler.a in Frameworks */,
				8CCC36E822E0BB0800632984 /* libRNIap.a in Frameworks */,
				8CCC36EA22E0BB0800632984 /* libRNKeychain.a in Frameworks */,
				8CCC36EC22E0BB0800632984 /* libRNReanimated.a in Frameworks */,
				8CCC36EE22E0BB0800632984 /* libRNScreens.a in Frameworks */,
				8CCC36F022E0BB0800632984 /* libRNVectorIcons.a in Frameworks */,
				8CCC36F222E0BB0800632984 /* libyoga.a in Frameworks */,
				8CAA1198220F2FC3002741D6 /* JavaScriptCore.framework in Frameworks */,
				801D4E6C250E252D518E6575 /* libPods-Playpost-PlaypostShareExtension.a in Frameworks */,
			);
			runOnlyForDeploymentPostprocessing = 0;
		};
/* End PBXFrameworksBuildPhase section */

/* Begin PBXGroup section */
		00E356EF1AD99517003FC87E /* PlaypostTests */ = {
			isa = PBXGroup;
			children = (
				00E356F21AD99517003FC87E /* PlaypostTests.m */,
				00E356F01AD99517003FC87E /* Supporting Files */,
			);
			path = PlaypostTests;
			sourceTree = "<group>";
		};
		00E356F01AD99517003FC87E /* Supporting Files */ = {
			isa = PBXGroup;
			children = (
				00E356F11AD99517003FC87E /* Info.plist */,
			);
			name = "Supporting Files";
			sourceTree = "<group>";
		};
		13B07FAE1A68108700A75B9A /* Playpost */ = {
			isa = PBXGroup;
			children = (
				8CF6C611220F27C100A07384 /* Playpost.entitlements */,
				008F07F21AC5B25A0029DE68 /* main.jsbundle */,
				13B07FAF1A68108700A75B9A /* AppDelegate.h */,
				13B07FB01A68108700A75B9A /* AppDelegate.m */,
				13B07FB51A68108700A75B9A /* Images.xcassets */,
				13B07FB61A68108700A75B9A /* Info.plist */,
				13B07FB11A68108700A75B9A /* LaunchScreen.xib */,
				13B07FB71A68108700A75B9A /* main.m */,
			);
			name = Playpost;
			sourceTree = "<group>";
		};
		1D3E133986E40FA9610FEEF2 /* Pods */ = {
			isa = PBXGroup;
			children = (
				96CE933BDD6957E34194597D /* Pods-Playpost.debug.xcconfig */,
				967B91651DF4865C70DEBBF5 /* Pods-Playpost.release.xcconfig */,
				1FE43578267C0E0F264449D0 /* Pods-Playpost-PlaypostShareExtension.debug.xcconfig */,
				C5DFD0BC25DA39F04A97DEA4 /* Pods-Playpost-PlaypostShareExtension.release.xcconfig */,
				0A15F76A9A24C0B1235B42F8 /* Pods-PlaypostShareExtension.debug.xcconfig */,
				56A36F74B615B6F0059E984A /* Pods-PlaypostShareExtension.release.xcconfig */,
			);
			path = Pods;
			sourceTree = "<group>";
		};
		2D16E6871FA4F8E400B85C8A /* Frameworks */ = {
			isa = PBXGroup;
			children = (
				8CCC36A122E0BB0800632984 /* libappcenter-analytics.a */,
				8CCC36A322E0BB0800632984 /* libappcenter-crashes.a */,
				8CCC36A522E0BB0800632984 /* libappcenter.a */,
				8CCC36A722E0BB0800632984 /* libDoubleConversion.a */,
				8CCC36A922E0BB0800632984 /* libFolly.a */,
				8CCC36AB22E0BB0800632984 /* libglog.a */,
				8CCC36AD22E0BB0800632984 /* libPods-Playpost.a */,
				8CCC36AF22E0BB0800632984 /* libReact-Core.a */,
				8CCC36B122E0BB0800632984 /* libReact-cxxreact.a */,
				8CCC36B322E0BB0800632984 /* libReact-DevSupport.a */,
				8CCC36B522E0BB0800632984 /* libReact-fishhook.a */,
				8CCC36B722E0BB0800632984 /* libReact-jsi.a */,
				8CCC36B922E0BB0800632984 /* libReact-jsiexecutor.a */,
				8CCC36BB22E0BB0800632984 /* libReact-jsinspector.a */,
				8CCC36BD22E0BB0800632984 /* libreact-native-config.a */,
				8CCC36BF22E0BB0800632984 /* libreact-native-netinfo.a */,
				8CCC36C122E0BB0800632984 /* libreact-native-splash-screen.a */,
				8CCC36C322E0BB0800632984 /* libreact-native-track-player.a */,
				8CCC36C522E0BB0800632984 /* libreact-native-video.a */,
				8CCC36C722E0BB0800632984 /* libreact-native-webview.a */,
				8CCC36C922E0BB0800632984 /* libReact-RCTActionSheet.a */,
				8CCC36CB22E0BB0800632984 /* libReact-RCTAnimation.a */,
				8CCC36CD22E0BB0800632984 /* libReact-RCTBlob.a */,
				8CCC36CF22E0BB0800632984 /* libReact-RCTImage.a */,
				8CCC36D122E0BB0800632984 /* libReact-RCTLinking.a */,
				8CCC36D322E0BB0800632984 /* libReact-RCTNetwork.a */,
				8CCC36D522E0BB0800632984 /* libReact-RCTSettings.a */,
				8CCC36D722E0BB0800632984 /* libReact-RCTText.a */,
				8CCC36D922E0BB0800632984 /* libReact-RCTVibration.a */,
				8CCC36DB22E0BB0800632984 /* libReact-RCTWebSocket.a */,
				8CCC36DD22E0BB0800632984 /* librn-fetch-blob.a */,
				8CCC36DF22E0BB0800632984 /* libRNCAsyncStorage.a */,
				8CCC36E122E0BB0800632984 /* libRNDeviceInfo.a */,
				8CCC36E322E0BB0800632984 /* libRNFS.a */,
				8CCC36E522E0BB0800632984 /* libRNGestureHandler.a */,
				8CCC36E722E0BB0800632984 /* libRNIap.a */,
				8CCC36E922E0BB0800632984 /* libRNKeychain.a */,
				8CCC36EB22E0BB0800632984 /* libRNReanimated.a */,
				8CCC36ED22E0BB0800632984 /* libRNScreens.a */,
				8CCC36EF22E0BB0800632984 /* libRNVectorIcons.a */,
				8CCC36F122E0BB0800632984 /* libyoga.a */,
				8C13332E2292B24E00516937 /* StoreKit.framework */,
				ED297162215061F000B7C4FE /* JavaScriptCore.framework */,
				ED2971642150620600B7C4FE /* JavaScriptCore.framework */,
				2D16E6891FA4F8E400B85C8A /* libReact.a */,
				EE776479D18664E4E22DF773 /* libPods-Playpost.a */,
				720C6D11F4E221F3292129B4 /* libPods-Playpost-PlaypostShareExtension.a */,
			);
			name = Frameworks;
			sourceTree = "<group>";
		};
		32749CB2CB9340C9BCC73F46 /* Resources */ = {
			isa = PBXGroup;
			children = (
				E93C050B5DB7430FABAD8C10 /* Merriweather-Black.ttf */,
				23A6E13F11684AB99934AD89 /* Merriweather-BlackItalic.ttf */,
				CD2F913E2FA64E8CB3D747F3 /* Merriweather-Bold.ttf */,
				1DEB3368EDE54C05BD4294E2 /* Merriweather-BoldItalic.ttf */,
				208F0875A5244E5E8585FD01 /* Merriweather-Italic.ttf */,
				7360537CBD6943B09618FAEF /* Merriweather-Light.ttf */,
				5B9779BB4A0A4F7CBDD605DB /* Merriweather-LightItalic.ttf */,
				A4737CA2073746B38C3D16F0 /* Merriweather-Regular.ttf */,
				E5C433349EFA4F739AE21096 /* SpaceMono-Regular.ttf */,
			);
			name = Resources;
			sourceTree = "<group>";
		};
		832341AE1AAA6A7D00B99B32 /* Libraries */ = {
			isa = PBXGroup;
			children = (
				8C22087822E0B6400029B873 /* ReactNativeConfig.xcodeproj */,
			);
			name = Libraries;
			sourceTree = "<group>";
		};
		83CBB9F61A601CBA00E9B192 = {
			isa = PBXGroup;
			children = (
				8C43759322081410000A15FE /* dummy.swift */,
				13B07FAE1A68108700A75B9A /* Playpost */,
				832341AE1AAA6A7D00B99B32 /* Libraries */,
				00E356EF1AD99517003FC87E /* PlaypostTests */,
				8C5A7DC3220F224A00ECCC65 /* PlaypostShareExtension */,
				83CBBA001A601CBA00E9B192 /* Products */,
				2D16E6871FA4F8E400B85C8A /* Frameworks */,
				8CE153E601D849F1A72C8047 /* AppCenter-Config.plist */,
				32749CB2CB9340C9BCC73F46 /* Resources */,
				8CAAAAC322061A1E00E67A62 /* Recovered References */,
				8C43759222081410000A15FE /* Playpost-Bridging-Header.h */,
				1D3E133986E40FA9610FEEF2 /* Pods */,
			);
			indentWidth = 2;
			sourceTree = "<group>";
			tabWidth = 2;
			usesTabs = 0;
		};
		83CBBA001A601CBA00E9B192 /* Products */ = {
			isa = PBXGroup;
			children = (
				13B07F961A680F5B00A75B9A /* Playpost.app */,
				8C5A7DC2220F224A00ECCC65 /* PlaypostShareExtension.appex */,
			);
			name = Products;
			sourceTree = "<group>";
		};
		8C22087922E0B6400029B873 /* Products */ = {
			isa = PBXGroup;
			children = (
				8C22087E22E0B6400029B873 /* libReactNativeConfig.a */,
				8C22088022E0B6400029B873 /* libReactNativeConfig-tvOS.a */,
			);
			name = Products;
			sourceTree = "<group>";
		};
		8C5A7DC3220F224A00ECCC65 /* PlaypostShareExtension */ = {
			isa = PBXGroup;
			children = (
				8C4F4D4622D69FA2001F126C /* GetDocumentData.js */,
				8CF6C610220F27B800A07384 /* PlaypostShareExtension.entitlements */,
				8C5A7DC7220F224A00ECCC65 /* MainInterface.storyboard */,
				8C5A7DCA220F224A00ECCC65 /* Info.plist */,
				8C5A7DD2220F22A700ECCC65 /* PlaypostShareExtension.m */,
				8CD3D19D220F7B5B0030C131 /* dummy2.swift */,
				8CD3D19C220F7B5B0030C131 /* PlaypostShareExtension-Bridging-Header.h */,
			);
			path = PlaypostShareExtension;
			sourceTree = "<group>";
		};
		8CAAAAC322061A1E00E67A62 /* Recovered References */ = {
			isa = PBXGroup;
			children = (
				EF37A02FD9F246028F4091AF /* RNPlaceholder.swift */,
			);
			name = "Recovered References";
			sourceTree = "<group>";
		};
		8CAAAAF122061A2100E67A62 /* Products */ = {
			isa = PBXGroup;
			children = (
				8CAAAB0622061A2200E67A62 /* libRNGestureHandler.a */,
				8CD2ED51223E70AB00A054E6 /* libRNGestureHandler-tvOS.a */,
			);
			name = Products;
			sourceTree = "<group>";
		};
		8CAAAAF322061A2100E67A62 /* Products */ = {
			isa = PBXGroup;
			children = (
				8CAAAAFD22061A2200E67A62 /* libAppCenterReactNative.a */,
			);
			name = Products;
			sourceTree = "<group>";
		};
		8CAAAAF522061A2100E67A62 /* Products */ = {
			isa = PBXGroup;
			children = (
				8CAAAB0022061A2200E67A62 /* libAppCenterReactNativeAnalytics.a */,
			);
			name = Products;
			sourceTree = "<group>";
		};
		8CAAAAF722061A2100E67A62 /* Products */ = {
			isa = PBXGroup;
			children = (
				8CAAAB0A22061A2200E67A62 /* libRNVectorIcons.a */,
				8CAAAB0C22061A2200E67A62 /* libRNVectorIcons-tvOS.a */,
			);
			name = Products;
			sourceTree = "<group>";
		};
		8CAAAAF922061A2100E67A62 /* Products */ = {
			isa = PBXGroup;
			children = (
				8CAAAB0322061A2200E67A62 /* libAppCenterReactNativeCrashes.a */,
			);
			name = Products;
			sourceTree = "<group>";
		};
		8CBA9C91227DA93100CE20A0 /* Products */ = {
			isa = PBXGroup;
			children = (
				8CBA9CC1227DA93100CE20A0 /* libRNCAsyncStorage.a */,
			);
			name = Products;
			sourceTree = "<group>";
		};
		8CBBA4B922995C7300C05945 /* Products */ = {
			isa = PBXGroup;
			children = (
				8CBBA4E722995C7300C05945 /* libReactNativeConfig.a */,
				8CBBA4E922995C7300C05945 /* libReactNativeConfig-tvOS.a */,
			);
			name = Products;
			sourceTree = "<group>";
		};
		8CC0C08A22DF511200D55E95 /* Products */ = {
			isa = PBXGroup;
			children = (
				8CC0C0BF22DF511200D55E95 /* libRNDeviceInfo.a */,
				8CC0C0C122DF511200D55E95 /* libRNDeviceInfo-tvOS.a */,
			);
			name = Products;
			sourceTree = "<group>";
		};
		8CD2ED1C223E70AA00A054E6 /* Products */ = {
			isa = PBXGroup;
			children = (
				8CD2ED4B223E70AB00A054E6 /* libRNFS.a */,
				8CD2ED4D223E70AB00A054E6 /* libRNFS.a */,
			);
			name = Products;
			sourceTree = "<group>";
		};
		8CD47BFA2240D09E00D95B46 /* Products */ = {
			isa = PBXGroup;
			children = (
				8CD47C142240D09E00D95B46 /* libRCTVideo.a */,
				8CD47C162240D09E00D95B46 /* libRCTVideo.a */,
			);
			name = Products;
			sourceTree = "<group>";
		};
		8CE6CA532237F3D5006512BB /* Products */ = {
			isa = PBXGroup;
			children = (
				8CE6CA802237F3D5006512BB /* libRNCNetInfo.a */,
				8CBA9CC5227DA93100CE20A0 /* libRNCNetInfo-tvOS.a */,
			);
			name = Products;
			sourceTree = "<group>";
		};
		8CE8C4E822E0761000CB93FF /* Products */ = {
			isa = PBXGroup;
			children = (
				8CE8C52A22E0761000CB93FF /* libRNScreens.a */,
				8CE8C52C22E0761000CB93FF /* libRNScreens-tvOS.a */,
			);
			name = Products;
			sourceTree = "<group>";
		};
		ADBDB9201DFEBF0600ED6528 /* Products */ = {
			isa = PBXGroup;
			children = (
				ADBDB9271DFEBF0700ED6528 /* libRCTBlob.a */,
				2D16E6721FA4F8DC00B85C8A /* libRCTBlob-tvOS.a */,
			);
			name = Products;
			sourceTree = "<group>";
		};
/* End PBXGroup section */

/* Begin PBXNativeTarget section */
		13B07F861A680F5B00A75B9A /* Playpost */ = {
			isa = PBXNativeTarget;
			buildConfigurationList = 13B07F931A680F5B00A75B9A /* Build configuration list for PBXNativeTarget "Playpost" */;
			buildPhases = (
				F67D8A74A19CBDB8A1B6FB88 /* [CP] Check Pods Manifest.lock */,
				13B07F871A680F5B00A75B9A /* Sources */,
				13B07F8C1A680F5B00A75B9A /* Frameworks */,
				13B07F8E1A680F5B00A75B9A /* Resources */,
				00DD1BFF1BD5951E006B06BC /* Bundle React Native code and images */,
				8C5A7DD1220F224A00ECCC65 /* Embed App Extensions */,
				F7B9E8AB4D169CA99C6B9EFD /* [CP] Copy Pods Resources */,
			);
			buildRules = (
			);
			dependencies = (
				8C5A7DCC220F224A00ECCC65 /* PBXTargetDependency */,
			);
			name = Playpost;
			productName = "Hello World";
			productReference = 13B07F961A680F5B00A75B9A /* Playpost.app */;
			productType = "com.apple.product-type.application";
		};
		8C5A7DC1220F224A00ECCC65 /* PlaypostShareExtension */ = {
			isa = PBXNativeTarget;
			buildConfigurationList = 8C5A7DCE220F224A00ECCC65 /* Build configuration list for PBXNativeTarget "PlaypostShareExtension" */;
			buildPhases = (
				B5E3F82E950A5B443FCDF592 /* [CP] Check Pods Manifest.lock */,
				8C5A7DBE220F224A00ECCC65 /* Sources */,
				8C5A7DBF220F224A00ECCC65 /* Frameworks */,
				8C5A7DC0220F224A00ECCC65 /* Resources */,
				8CD3D195220F6ADD0030C131 /* Run Script */,
				C4F576EBD003FCF6F349B072 /* [CP] Copy Pods Resources */,
			);
			buildRules = (
			);
			dependencies = (
			);
			name = PlaypostShareExtension;
			productName = PlaypostShareExtension;
			productReference = 8C5A7DC2220F224A00ECCC65 /* PlaypostShareExtension.appex */;
			productType = "com.apple.product-type.app-extension";
		};
/* End PBXNativeTarget section */

/* Begin PBXProject section */
		83CBB9F71A601CBA00E9B192 /* Project object */ = {
			isa = PBXProject;
			attributes = {
				LastUpgradeCheck = 1010;
				ORGANIZATIONNAME = "Aardweg Media";
				TargetAttributes = {
					13B07F861A680F5B00A75B9A = {
						DevelopmentTeam = 8GH8GLAMTU;
						LastSwiftMigration = 1010;
						SystemCapabilities = {
							com.apple.ApplicationGroups.iOS = {
								enabled = 1;
							};
							com.apple.BackgroundModes = {
								enabled = 1;
							};
							com.apple.InAppPurchase = {
								enabled = 1;
							};
							com.apple.Keychain = {
								enabled = 1;
							};
							com.apple.SafariKeychain = {
								enabled = 1;
							};
						};
					};
					8C5A7DC1220F224A00ECCC65 = {
						CreatedOnToolsVersion = 10.1;
						DevelopmentTeam = 8GH8GLAMTU;
						LastSwiftMigration = 1010;
						ProvisioningStyle = Automatic;
						SystemCapabilities = {
							com.apple.ApplicationGroups.iOS = {
								enabled = 1;
							};
							com.apple.Keychain = {
								enabled = 1;
							};
						};
					};
				};
			};
			buildConfigurationList = 83CBB9FA1A601CBA00E9B192 /* Build configuration list for PBXProject "Playpost" */;
			compatibilityVersion = "Xcode 3.2";
			developmentRegion = English;
			hasScannedForEncodings = 0;
			knownRegions = (
				English,
				en,
				Base,
			);
			mainGroup = 83CBB9F61A601CBA00E9B192;
			productRefGroup = 83CBBA001A601CBA00E9B192 /* Products */;
			projectDirPath = "";
			projectReferences = (
				{
					ProductGroup = 8C22087922E0B6400029B873 /* Products */;
					ProjectRef = 8C22087822E0B6400029B873 /* ReactNativeConfig.xcodeproj */;
				},
			);
			projectRoot = "";
			targets = (
				13B07F861A680F5B00A75B9A /* Playpost */,
				8C5A7DC1220F224A00ECCC65 /* PlaypostShareExtension */,
			);
		};
/* End PBXProject section */

/* Begin PBXReferenceProxy section */
		8C22087E22E0B6400029B873 /* libReactNativeConfig.a */ = {
			isa = PBXReferenceProxy;
			fileType = archive.ar;
			path = libReactNativeConfig.a;
			remoteRef = 8C22087D22E0B6400029B873 /* PBXContainerItemProxy */;
			sourceTree = BUILT_PRODUCTS_DIR;
		};
		8C22088022E0B6400029B873 /* libReactNativeConfig-tvOS.a */ = {
			isa = PBXReferenceProxy;
			fileType = archive.ar;
			path = "libReactNativeConfig-tvOS.a";
			remoteRef = 8C22087F22E0B6400029B873 /* PBXContainerItemProxy */;
			sourceTree = BUILT_PRODUCTS_DIR;
		};
		8CC0C0BF22DF511200D55E95 /* libRNDeviceInfo.a */ = {
			isa = PBXReferenceProxy;
			fileType = archive.ar;
			path = libRNDeviceInfo.a;
			remoteRef = 8CC0C0BE22DF511200D55E95 /* PBXContainerItemProxy */;
			sourceTree = BUILT_PRODUCTS_DIR;
		};
		8CC0C0C122DF511200D55E95 /* libRNDeviceInfo-tvOS.a */ = {
			isa = PBXReferenceProxy;
			fileType = archive.ar;
			path = "libRNDeviceInfo-tvOS.a";
			remoteRef = 8CC0C0C022DF511200D55E95 /* PBXContainerItemProxy */;
			sourceTree = BUILT_PRODUCTS_DIR;
		};
		8CCC78E022BCF00200A08E4C /* libRNReanimated-tvOS.a */ = {
			isa = PBXReferenceProxy;
			fileType = archive.ar;
			path = "libRNReanimated-tvOS.a";
			remoteRef = 8CCC78DF22BCF00200A08E4C /* PBXContainerItemProxy */;
			sourceTree = BUILT_PRODUCTS_DIR;
		};
		8CD2ED4B223E70AB00A054E6 /* libRNFS.a */ = {
			isa = PBXReferenceProxy;
			fileType = archive.ar;
			path = libRNFS.a;
			remoteRef = 8CD2ED4A223E70AB00A054E6 /* PBXContainerItemProxy */;
			sourceTree = BUILT_PRODUCTS_DIR;
		};
		8CD2ED4D223E70AB00A054E6 /* libRNFS.a */ = {
			isa = PBXReferenceProxy;
			fileType = archive.ar;
			path = libRNFS.a;
			remoteRef = 8CD2ED4C223E70AB00A054E6 /* PBXContainerItemProxy */;
			sourceTree = BUILT_PRODUCTS_DIR;
		};
		8CD2ED51223E70AB00A054E6 /* libRNGestureHandler-tvOS.a */ = {
			isa = PBXReferenceProxy;
			fileType = archive.ar;
			path = "libRNGestureHandler-tvOS.a";
			remoteRef = 8CD2ED50223E70AB00A054E6 /* PBXContainerItemProxy */;
			sourceTree = BUILT_PRODUCTS_DIR;
		};
		8CD47C142240D09E00D95B46 /* libRCTVideo.a */ = {
			isa = PBXReferenceProxy;
			fileType = archive.ar;
			path = libRCTVideo.a;
			remoteRef = 8CD47C132240D09E00D95B46 /* PBXContainerItemProxy */;
			sourceTree = BUILT_PRODUCTS_DIR;
		};
		8CD47C162240D09E00D95B46 /* libRCTVideo.a */ = {
			isa = PBXReferenceProxy;
			fileType = archive.ar;
			path = libRCTVideo.a;
			remoteRef = 8CD47C152240D09E00D95B46 /* PBXContainerItemProxy */;
			sourceTree = BUILT_PRODUCTS_DIR;
		};
		8CE6CA802237F3D5006512BB /* libRNCNetInfo.a */ = {
			isa = PBXReferenceProxy;
			fileType = archive.ar;
			path = libRNCNetInfo.a;
			remoteRef = 8CE6CA7F2237F3D5006512BB /* PBXContainerItemProxy */;
			sourceTree = BUILT_PRODUCTS_DIR;
		};
		8CE8C52A22E0761000CB93FF /* libRNScreens.a */ = {
			isa = PBXReferenceProxy;
			fileType = archive.ar;
			path = libRNScreens.a;
			remoteRef = 8CE8C52922E0761000CB93FF /* PBXContainerItemProxy */;
			sourceTree = BUILT_PRODUCTS_DIR;
		};
		8CE8C52C22E0761000CB93FF /* libRNScreens-tvOS.a */ = {
			isa = PBXReferenceProxy;
			fileType = archive.ar;
			path = "libRNScreens-tvOS.a";
			remoteRef = 8CE8C52B22E0761000CB93FF /* PBXContainerItemProxy */;
			sourceTree = BUILT_PRODUCTS_DIR;
		};
		ADBDB9271DFEBF0700ED6528 /* libRCTBlob.a */ = {
			isa = PBXReferenceProxy;
			fileType = archive.ar;
			path = libRCTBlob.a;
			remoteRef = ADBDB9261DFEBF0700ED6528 /* PBXContainerItemProxy */;
			sourceTree = BUILT_PRODUCTS_DIR;
		};
/* End PBXReferenceProxy section */

/* Begin PBXResourcesBuildPhase section */
		13B07F8E1A680F5B00A75B9A /* Resources */ = {
			isa = PBXResourcesBuildPhase;
			buildActionMask = 2147483647;
			files = (
				13B07FBF1A68108700A75B9A /* Images.xcassets in Resources */,
				13B07FBD1A68108700A75B9A /* LaunchScreen.xib in Resources */,
				DD6BBD1A43F44BC8A477438A /* AppCenter-Config.plist in Resources */,
				BA57E94CCC4F4FEFBFBCCFC9 /* Merriweather-Black.ttf in Resources */,
				5093FC5D6905490CBB762CEC /* Merriweather-BlackItalic.ttf in Resources */,
				7511265BB44A44218ED118E7 /* Merriweather-Bold.ttf in Resources */,
				35D84407F6BA48A384BEC020 /* Merriweather-BoldItalic.ttf in Resources */,
				A64A372C832C4F67B5C9F81E /* Merriweather-Italic.ttf in Resources */,
				5030041E75B44FF99A8822FB /* Merriweather-Light.ttf in Resources */,
				F3D7C7106DCF4E8CA6FE4D45 /* Merriweather-LightItalic.ttf in Resources */,
				EFA00F99313549C38DC09A55 /* Merriweather-Regular.ttf in Resources */,
				41DB1F4BB89F4BE880B461D0 /* SpaceMono-Regular.ttf in Resources */,
			);
			runOnlyForDeploymentPostprocessing = 0;
		};
		8C5A7DC0220F224A00ECCC65 /* Resources */ = {
			isa = PBXResourcesBuildPhase;
			buildActionMask = 2147483647;
			files = (
				8C4F4D4722D69FA2001F126C /* GetDocumentData.js in Resources */,
				8C7A3A062219D80700A9A9A7 /* Merriweather-Black.ttf in Resources */,
				8C7A3A072219D80700A9A9A7 /* Merriweather-BlackItalic.ttf in Resources */,
				8C7A3A082219D80700A9A9A7 /* Merriweather-Bold.ttf in Resources */,
				8C7A3A092219D80700A9A9A7 /* Merriweather-BoldItalic.ttf in Resources */,
				8C7A3A0A2219D80700A9A9A7 /* Merriweather-Italic.ttf in Resources */,
				8C7A3A0B2219D80700A9A9A7 /* Merriweather-Light.ttf in Resources */,
				8C7A3A0C2219D80700A9A9A7 /* Merriweather-LightItalic.ttf in Resources */,
				8C7A3A0D2219D80700A9A9A7 /* Merriweather-Regular.ttf in Resources */,
				8C7A3A0E2219D80700A9A9A7 /* SpaceMono-Regular.ttf in Resources */,
				8CD3D194220F69A50030C131 /* Images.xcassets in Resources */,
				8C5A7DC9220F224A00ECCC65 /* MainInterface.storyboard in Resources */,
			);
			runOnlyForDeploymentPostprocessing = 0;
		};
/* End PBXResourcesBuildPhase section */

/* Begin PBXShellScriptBuildPhase section */
		00DD1BFF1BD5951E006B06BC /* Bundle React Native code and images */ = {
			isa = PBXShellScriptBuildPhase;
			buildActionMask = 2147483647;
			files = (
			);
			inputPaths = (
			);
			name = "Bundle React Native code and images";
			outputPaths = (
			);
			runOnlyForDeploymentPostprocessing = 0;
			shellPath = /bin/sh;
			shellScript = "export NODE_BINARY=node\n../node_modules/react-native/scripts/react-native-xcode.sh\n";
		};
		8CD3D195220F6ADD0030C131 /* Run Script */ = {
			isa = PBXShellScriptBuildPhase;
			buildActionMask = 2147483647;
			files = (
			);
			inputFileListPaths = (
			);
			inputPaths = (
			);
			name = "Run Script";
			outputFileListPaths = (
			);
			outputPaths = (
			);
			runOnlyForDeploymentPostprocessing = 0;
			shellPath = /bin/sh;
			shellScript = "export NODE_BINARY=node\n../node_modules/react-native/scripts/react-native-xcode.sh\n";
		};
		B5E3F82E950A5B443FCDF592 /* [CP] Check Pods Manifest.lock */ = {
			isa = PBXShellScriptBuildPhase;
			buildActionMask = 2147483647;
			files = (
			);
			inputFileListPaths = (
			);
			inputPaths = (
				"${PODS_PODFILE_DIR_PATH}/Podfile.lock",
				"${PODS_ROOT}/Manifest.lock",
			);
			name = "[CP] Check Pods Manifest.lock";
			outputFileListPaths = (
			);
			outputPaths = (
				"$(DERIVED_FILE_DIR)/Pods-Playpost-PlaypostShareExtension-checkManifestLockResult.txt",
			);
			runOnlyForDeploymentPostprocessing = 0;
			shellPath = /bin/sh;
			shellScript = "diff \"${PODS_PODFILE_DIR_PATH}/Podfile.lock\" \"${PODS_ROOT}/Manifest.lock\" > /dev/null\nif [ $? != 0 ] ; then\n    # print error to STDERR\n    echo \"error: The sandbox is not in sync with the Podfile.lock. Run 'pod install' or update your CocoaPods installation.\" >&2\n    exit 1\nfi\n# This output is used by Xcode 'outputs' to avoid re-running this script phase.\necho \"SUCCESS\" > \"${SCRIPT_OUTPUT_FILE_0}\"\n";
			showEnvVarsInLog = 0;
		};
		C4F576EBD003FCF6F349B072 /* [CP] Copy Pods Resources */ = {
			isa = PBXShellScriptBuildPhase;
			buildActionMask = 2147483647;
			files = (
			);
			inputPaths = (
				"${PODS_ROOT}/Target Support Files/Pods-Playpost-PlaypostShareExtension/Pods-Playpost-PlaypostShareExtension-resources.sh",
				"${PODS_ROOT}/../../node_modules/react-native-vector-icons/Fonts/AntDesign.ttf",
				"${PODS_ROOT}/../../node_modules/react-native-vector-icons/Fonts/Entypo.ttf",
				"${PODS_ROOT}/../../node_modules/react-native-vector-icons/Fonts/EvilIcons.ttf",
				"${PODS_ROOT}/../../node_modules/react-native-vector-icons/Fonts/Feather.ttf",
				"${PODS_ROOT}/../../node_modules/react-native-vector-icons/Fonts/FontAwesome.ttf",
				"${PODS_ROOT}/../../node_modules/react-native-vector-icons/Fonts/FontAwesome5_Brands.ttf",
				"${PODS_ROOT}/../../node_modules/react-native-vector-icons/Fonts/FontAwesome5_Regular.ttf",
				"${PODS_ROOT}/../../node_modules/react-native-vector-icons/Fonts/FontAwesome5_Solid.ttf",
				"${PODS_ROOT}/../../node_modules/react-native-vector-icons/Fonts/Fontisto.ttf",
				"${PODS_ROOT}/../../node_modules/react-native-vector-icons/Fonts/Foundation.ttf",
				"${PODS_ROOT}/../../node_modules/react-native-vector-icons/Fonts/Ionicons.ttf",
				"${PODS_ROOT}/../../node_modules/react-native-vector-icons/Fonts/MaterialCommunityIcons.ttf",
				"${PODS_ROOT}/../../node_modules/react-native-vector-icons/Fonts/MaterialIcons.ttf",
				"${PODS_ROOT}/../../node_modules/react-native-vector-icons/Fonts/Octicons.ttf",
				"${PODS_ROOT}/../../node_modules/react-native-vector-icons/Fonts/SimpleLineIcons.ttf",
				"${PODS_ROOT}/../../node_modules/react-native-vector-icons/Fonts/Zocial.ttf",
			);
			name = "[CP] Copy Pods Resources";
			outputPaths = (
				"${TARGET_BUILD_DIR}/${UNLOCALIZED_RESOURCES_FOLDER_PATH}/AntDesign.ttf",
				"${TARGET_BUILD_DIR}/${UNLOCALIZED_RESOURCES_FOLDER_PATH}/Entypo.ttf",
				"${TARGET_BUILD_DIR}/${UNLOCALIZED_RESOURCES_FOLDER_PATH}/EvilIcons.ttf",
				"${TARGET_BUILD_DIR}/${UNLOCALIZED_RESOURCES_FOLDER_PATH}/Feather.ttf",
				"${TARGET_BUILD_DIR}/${UNLOCALIZED_RESOURCES_FOLDER_PATH}/FontAwesome.ttf",
				"${TARGET_BUILD_DIR}/${UNLOCALIZED_RESOURCES_FOLDER_PATH}/FontAwesome5_Brands.ttf",
				"${TARGET_BUILD_DIR}/${UNLOCALIZED_RESOURCES_FOLDER_PATH}/FontAwesome5_Regular.ttf",
				"${TARGET_BUILD_DIR}/${UNLOCALIZED_RESOURCES_FOLDER_PATH}/FontAwesome5_Solid.ttf",
				"${TARGET_BUILD_DIR}/${UNLOCALIZED_RESOURCES_FOLDER_PATH}/Fontisto.ttf",
				"${TARGET_BUILD_DIR}/${UNLOCALIZED_RESOURCES_FOLDER_PATH}/Foundation.ttf",
				"${TARGET_BUILD_DIR}/${UNLOCALIZED_RESOURCES_FOLDER_PATH}/Ionicons.ttf",
				"${TARGET_BUILD_DIR}/${UNLOCALIZED_RESOURCES_FOLDER_PATH}/MaterialCommunityIcons.ttf",
				"${TARGET_BUILD_DIR}/${UNLOCALIZED_RESOURCES_FOLDER_PATH}/MaterialIcons.ttf",
				"${TARGET_BUILD_DIR}/${UNLOCALIZED_RESOURCES_FOLDER_PATH}/Octicons.ttf",
				"${TARGET_BUILD_DIR}/${UNLOCALIZED_RESOURCES_FOLDER_PATH}/SimpleLineIcons.ttf",
				"${TARGET_BUILD_DIR}/${UNLOCALIZED_RESOURCES_FOLDER_PATH}/Zocial.ttf",
			);
			runOnlyForDeploymentPostprocessing = 0;
			shellPath = /bin/sh;
			shellScript = "\"${PODS_ROOT}/Target Support Files/Pods-Playpost-PlaypostShareExtension/Pods-Playpost-PlaypostShareExtension-resources.sh\"\n";
			showEnvVarsInLog = 0;
		};
		F67D8A74A19CBDB8A1B6FB88 /* [CP] Check Pods Manifest.lock */ = {
			isa = PBXShellScriptBuildPhase;
			buildActionMask = 2147483647;
			files = (
			);
			inputFileListPaths = (
			);
			inputPaths = (
				"${PODS_PODFILE_DIR_PATH}/Podfile.lock",
				"${PODS_ROOT}/Manifest.lock",
			);
			name = "[CP] Check Pods Manifest.lock";
			outputFileListPaths = (
			);
			outputPaths = (
				"$(DERIVED_FILE_DIR)/Pods-Playpost-checkManifestLockResult.txt",
			);
			runOnlyForDeploymentPostprocessing = 0;
			shellPath = /bin/sh;
			shellScript = "diff \"${PODS_PODFILE_DIR_PATH}/Podfile.lock\" \"${PODS_ROOT}/Manifest.lock\" > /dev/null\nif [ $? != 0 ] ; then\n    # print error to STDERR\n    echo \"error: The sandbox is not in sync with the Podfile.lock. Run 'pod install' or update your CocoaPods installation.\" >&2\n    exit 1\nfi\n# This output is used by Xcode 'outputs' to avoid re-running this script phase.\necho \"SUCCESS\" > \"${SCRIPT_OUTPUT_FILE_0}\"\n";
			showEnvVarsInLog = 0;
		};
		F7B9E8AB4D169CA99C6B9EFD /* [CP] Copy Pods Resources */ = {
			isa = PBXShellScriptBuildPhase;
			buildActionMask = 2147483647;
			files = (
			);
			inputPaths = (
				"${PODS_ROOT}/Target Support Files/Pods-Playpost/Pods-Playpost-resources.sh",
				"${PODS_ROOT}/../../node_modules/react-native-vector-icons/Fonts/AntDesign.ttf",
				"${PODS_ROOT}/../../node_modules/react-native-vector-icons/Fonts/Entypo.ttf",
				"${PODS_ROOT}/../../node_modules/react-native-vector-icons/Fonts/EvilIcons.ttf",
				"${PODS_ROOT}/../../node_modules/react-native-vector-icons/Fonts/Feather.ttf",
				"${PODS_ROOT}/../../node_modules/react-native-vector-icons/Fonts/FontAwesome.ttf",
				"${PODS_ROOT}/../../node_modules/react-native-vector-icons/Fonts/FontAwesome5_Brands.ttf",
				"${PODS_ROOT}/../../node_modules/react-native-vector-icons/Fonts/FontAwesome5_Regular.ttf",
				"${PODS_ROOT}/../../node_modules/react-native-vector-icons/Fonts/FontAwesome5_Solid.ttf",
				"${PODS_ROOT}/../../node_modules/react-native-vector-icons/Fonts/Fontisto.ttf",
				"${PODS_ROOT}/../../node_modules/react-native-vector-icons/Fonts/Foundation.ttf",
				"${PODS_ROOT}/../../node_modules/react-native-vector-icons/Fonts/Ionicons.ttf",
				"${PODS_ROOT}/../../node_modules/react-native-vector-icons/Fonts/MaterialCommunityIcons.ttf",
				"${PODS_ROOT}/../../node_modules/react-native-vector-icons/Fonts/MaterialIcons.ttf",
				"${PODS_ROOT}/../../node_modules/react-native-vector-icons/Fonts/Octicons.ttf",
				"${PODS_ROOT}/../../node_modules/react-native-vector-icons/Fonts/SimpleLineIcons.ttf",
				"${PODS_ROOT}/../../node_modules/react-native-vector-icons/Fonts/Zocial.ttf",
			);
			name = "[CP] Copy Pods Resources";
			outputPaths = (
				"${TARGET_BUILD_DIR}/${UNLOCALIZED_RESOURCES_FOLDER_PATH}/AntDesign.ttf",
				"${TARGET_BUILD_DIR}/${UNLOCALIZED_RESOURCES_FOLDER_PATH}/Entypo.ttf",
				"${TARGET_BUILD_DIR}/${UNLOCALIZED_RESOURCES_FOLDER_PATH}/EvilIcons.ttf",
				"${TARGET_BUILD_DIR}/${UNLOCALIZED_RESOURCES_FOLDER_PATH}/Feather.ttf",
				"${TARGET_BUILD_DIR}/${UNLOCALIZED_RESOURCES_FOLDER_PATH}/FontAwesome.ttf",
				"${TARGET_BUILD_DIR}/${UNLOCALIZED_RESOURCES_FOLDER_PATH}/FontAwesome5_Brands.ttf",
				"${TARGET_BUILD_DIR}/${UNLOCALIZED_RESOURCES_FOLDER_PATH}/FontAwesome5_Regular.ttf",
				"${TARGET_BUILD_DIR}/${UNLOCALIZED_RESOURCES_FOLDER_PATH}/FontAwesome5_Solid.ttf",
				"${TARGET_BUILD_DIR}/${UNLOCALIZED_RESOURCES_FOLDER_PATH}/Fontisto.ttf",
				"${TARGET_BUILD_DIR}/${UNLOCALIZED_RESOURCES_FOLDER_PATH}/Foundation.ttf",
				"${TARGET_BUILD_DIR}/${UNLOCALIZED_RESOURCES_FOLDER_PATH}/Ionicons.ttf",
				"${TARGET_BUILD_DIR}/${UNLOCALIZED_RESOURCES_FOLDER_PATH}/MaterialCommunityIcons.ttf",
				"${TARGET_BUILD_DIR}/${UNLOCALIZED_RESOURCES_FOLDER_PATH}/MaterialIcons.ttf",
				"${TARGET_BUILD_DIR}/${UNLOCALIZED_RESOURCES_FOLDER_PATH}/Octicons.ttf",
				"${TARGET_BUILD_DIR}/${UNLOCALIZED_RESOURCES_FOLDER_PATH}/SimpleLineIcons.ttf",
				"${TARGET_BUILD_DIR}/${UNLOCALIZED_RESOURCES_FOLDER_PATH}/Zocial.ttf",
			);
			runOnlyForDeploymentPostprocessing = 0;
			shellPath = /bin/sh;
			shellScript = "\"${PODS_ROOT}/Target Support Files/Pods-Playpost/Pods-Playpost-resources.sh\"\n";
			showEnvVarsInLog = 0;
		};
/* End PBXShellScriptBuildPhase section */

/* Begin PBXSourcesBuildPhase section */
		13B07F871A680F5B00A75B9A /* Sources */ = {
			isa = PBXSourcesBuildPhase;
			buildActionMask = 2147483647;
			files = (
				13B07FBC1A68108700A75B9A /* AppDelegate.m in Sources */,
				8C43759422081410000A15FE /* dummy.swift in Sources */,
				8C272C72220F91F200DEF4DB /* dummy2.swift in Sources */,
				13B07FC11A68108700A75B9A /* main.m in Sources */,
				8C96C7BB22B3A1F9006E5704 /* RNPlaceholder.swift in Sources */,
			);
			runOnlyForDeploymentPostprocessing = 0;
		};
		8C5A7DBE220F224A00ECCC65 /* Sources */ = {
			isa = PBXSourcesBuildPhase;
			buildActionMask = 2147483647;
			files = (
				8CD3D19E220F7B5B0030C131 /* dummy2.swift in Sources */,
				8C5A7DD3220F22A700ECCC65 /* PlaypostShareExtension.m in Sources */,
				D820DC91A1B84330B668B87A /* RNPlaceholder.swift in Sources */,
			);
			runOnlyForDeploymentPostprocessing = 0;
		};
/* End PBXSourcesBuildPhase section */

/* Begin PBXTargetDependency section */
		8C5A7DCC220F224A00ECCC65 /* PBXTargetDependency */ = {
			isa = PBXTargetDependency;
			target = 8C5A7DC1220F224A00ECCC65 /* PlaypostShareExtension */;
			targetProxy = 8C5A7DCB220F224A00ECCC65 /* PBXContainerItemProxy */;
		};
/* End PBXTargetDependency section */

/* Begin PBXVariantGroup section */
		13B07FB11A68108700A75B9A /* LaunchScreen.xib */ = {
			isa = PBXVariantGroup;
			children = (
				13B07FB21A68108700A75B9A /* Base */,
			);
			name = LaunchScreen.xib;
			path = Playpost;
			sourceTree = "<group>";
		};
		8C5A7DC7220F224A00ECCC65 /* MainInterface.storyboard */ = {
			isa = PBXVariantGroup;
			children = (
				8C5A7DC8220F224A00ECCC65 /* Base */,
			);
			name = MainInterface.storyboard;
			sourceTree = "<group>";
		};
/* End PBXVariantGroup section */

/* Begin XCBuildConfiguration section */
		13B07F941A680F5B00A75B9A /* Debug */ = {
			isa = XCBuildConfiguration;
			baseConfigurationReference = 96CE933BDD6957E34194597D /* Pods-Playpost.debug.xcconfig */;
			buildSettings = {
				ALWAYS_EMBED_SWIFT_STANDARD_LIBRARIES = YES;
				ASSETCATALOG_COMPILER_APPICON_NAME = AppIcon;
				CLANG_ENABLE_MODULES = YES;
				CODE_SIGN_ENTITLEMENTS = Playpost/Playpost.entitlements;
				CODE_SIGN_IDENTITY = "iPhone Developer";
				CURRENT_PROJECT_VERSION = 1;
				DEAD_CODE_STRIPPING = NO;
				DEVELOPMENT_TEAM = 8GH8GLAMTU;
				HEADER_SEARCH_PATHS = (
					"$(inherited)",
					"$(SRCROOT)/../node_modules/react-native/Libraries/LinkingIOS/**",
				);
				INFOPLIST_FILE = Playpost/Info.plist;
				INFOPLIST_PREFIX_HEADER = "${BUILD_DIR}/GeneratedInfoPlistDotEnv.h";
				IPHONEOS_DEPLOYMENT_TARGET = 11.0;
				LD_RUNPATH_SEARCH_PATHS = "$(inherited) @executable_path/Frameworks";
				OTHER_LDFLAGS = (
					"$(inherited)",
					"-ObjC",
					"-lc++",
				);
				PRODUCT_BUNDLE_IDENTIFIER = com.aardwegmedia.playpost;
				PRODUCT_NAME = Playpost;
				SWIFT_OBJC_BRIDGING_HEADER = "Playpost-Bridging-Header.h";
				SWIFT_OPTIMIZATION_LEVEL = "-Onone";
				SWIFT_VERSION = 4.0;
				TARGETED_DEVICE_FAMILY = 1;
				VERSIONING_SYSTEM = "apple-generic";
			};
			name = Debug;
		};
		13B07F951A680F5B00A75B9A /* Release */ = {
			isa = XCBuildConfiguration;
			baseConfigurationReference = 967B91651DF4865C70DEBBF5 /* Pods-Playpost.release.xcconfig */;
			buildSettings = {
				ALWAYS_EMBED_SWIFT_STANDARD_LIBRARIES = YES;
				ASSETCATALOG_COMPILER_APPICON_NAME = AppIcon;
				CLANG_ENABLE_MODULES = YES;
				CODE_SIGN_ENTITLEMENTS = Playpost/Playpost.entitlements;
				CODE_SIGN_IDENTITY = "iPhone Developer";
				CURRENT_PROJECT_VERSION = 1;
				DEVELOPMENT_TEAM = 8GH8GLAMTU;
				HEADER_SEARCH_PATHS = (
					"$(inherited)",
					"$(SRCROOT)/../node_modules/react-native/Libraries/LinkingIOS/**",
				);
				INFOPLIST_FILE = Playpost/Info.plist;
				INFOPLIST_PREFIX_HEADER = "${BUILD_DIR}/GeneratedInfoPlistDotEnv.h";
				IPHONEOS_DEPLOYMENT_TARGET = 11.0;
				LD_RUNPATH_SEARCH_PATHS = "$(inherited) @executable_path/Frameworks";
				OTHER_LDFLAGS = (
					"$(inherited)",
					"-ObjC",
					"-lc++",
				);
				PRODUCT_BUNDLE_IDENTIFIER = com.aardwegmedia.playpost;
				PRODUCT_NAME = Playpost;
				SWIFT_OBJC_BRIDGING_HEADER = "Playpost-Bridging-Header.h";
				SWIFT_VERSION = 4.0;
				TARGETED_DEVICE_FAMILY = 1;
				VERSIONING_SYSTEM = "apple-generic";
			};
			name = Release;
		};
		83CBBA201A601CBA00E9B192 /* Debug */ = {
			isa = XCBuildConfiguration;
			buildSettings = {
				ALWAYS_SEARCH_USER_PATHS = NO;
				CLANG_CXX_LANGUAGE_STANDARD = "gnu++0x";
				CLANG_CXX_LIBRARY = "libc++";
				CLANG_ENABLE_MODULES = YES;
				CLANG_ENABLE_OBJC_ARC = YES;
				CLANG_WARN_BLOCK_CAPTURE_AUTORELEASING = YES;
				CLANG_WARN_BOOL_CONVERSION = YES;
				CLANG_WARN_COMMA = YES;
				CLANG_WARN_CONSTANT_CONVERSION = YES;
				CLANG_WARN_DEPRECATED_OBJC_IMPLEMENTATIONS = YES;
				CLANG_WARN_DIRECT_OBJC_ISA_USAGE = YES_ERROR;
				CLANG_WARN_EMPTY_BODY = YES;
				CLANG_WARN_ENUM_CONVERSION = YES;
				CLANG_WARN_INFINITE_RECURSION = YES;
				CLANG_WARN_INT_CONVERSION = YES;
				CLANG_WARN_NON_LITERAL_NULL_CONVERSION = YES;
				CLANG_WARN_OBJC_IMPLICIT_RETAIN_SELF = YES;
				CLANG_WARN_OBJC_LITERAL_CONVERSION = YES;
				CLANG_WARN_OBJC_ROOT_CLASS = YES_ERROR;
				CLANG_WARN_RANGE_LOOP_ANALYSIS = YES;
				CLANG_WARN_STRICT_PROTOTYPES = YES;
				CLANG_WARN_SUSPICIOUS_MOVE = YES;
				CLANG_WARN_UNREACHABLE_CODE = YES;
				CLANG_WARN__DUPLICATE_METHOD_MATCH = YES;
				"CODE_SIGN_IDENTITY[sdk=iphoneos*]" = "iPhone Developer";
				COPY_PHASE_STRIP = NO;
				ENABLE_STRICT_OBJC_MSGSEND = YES;
				ENABLE_TESTABILITY = YES;
				GCC_C_LANGUAGE_STANDARD = gnu99;
				GCC_DYNAMIC_NO_PIC = NO;
				GCC_NO_COMMON_BLOCKS = YES;
				GCC_OPTIMIZATION_LEVEL = 0;
				GCC_PREPROCESSOR_DEFINITIONS = (
					"DEBUG=1",
					"$(inherited)",
				);
				GCC_SYMBOLS_PRIVATE_EXTERN = NO;
				GCC_WARN_64_TO_32_BIT_CONVERSION = YES;
				GCC_WARN_ABOUT_RETURN_TYPE = YES_ERROR;
				GCC_WARN_UNDECLARED_SELECTOR = YES;
				GCC_WARN_UNINITIALIZED_AUTOS = YES_AGGRESSIVE;
				GCC_WARN_UNUSED_FUNCTION = YES;
				GCC_WARN_UNUSED_VARIABLE = YES;
				HEADER_SEARCH_PATHS = (
					"$(SRCROOT)/../react-native/React",
					"$(SRCROOT)/../../React",
				);
				INFOPLIST_OTHER_PREPROCESSOR_FLAGS = "-traditional";
				INFOPLIST_PREFIX_HEADER = "${CONFIGURATION_BUILD_DIR}/GeneratedInfoPlistDotEnv.h";
				INFOPLIST_PREPROCESS = YES;
				IPHONEOS_DEPLOYMENT_TARGET = 11.0;
				MTL_ENABLE_DEBUG_INFO = YES;
				ONLY_ACTIVE_ARCH = YES;
				SDKROOT = iphoneos;
				SWIFT_VERSION = 4.0;
			};
			name = Debug;
		};
		83CBBA211A601CBA00E9B192 /* Release */ = {
			isa = XCBuildConfiguration;
			buildSettings = {
				ALWAYS_SEARCH_USER_PATHS = NO;
				CLANG_CXX_LANGUAGE_STANDARD = "gnu++0x";
				CLANG_CXX_LIBRARY = "libc++";
				CLANG_ENABLE_MODULES = YES;
				CLANG_ENABLE_OBJC_ARC = YES;
				CLANG_WARN_BLOCK_CAPTURE_AUTORELEASING = YES;
				CLANG_WARN_BOOL_CONVERSION = YES;
				CLANG_WARN_COMMA = YES;
				CLANG_WARN_CONSTANT_CONVERSION = YES;
				CLANG_WARN_DEPRECATED_OBJC_IMPLEMENTATIONS = YES;
				CLANG_WARN_DIRECT_OBJC_ISA_USAGE = YES_ERROR;
				CLANG_WARN_EMPTY_BODY = YES;
				CLANG_WARN_ENUM_CONVERSION = YES;
				CLANG_WARN_INFINITE_RECURSION = YES;
				CLANG_WARN_INT_CONVERSION = YES;
				CLANG_WARN_NON_LITERAL_NULL_CONVERSION = YES;
				CLANG_WARN_OBJC_IMPLICIT_RETAIN_SELF = YES;
				CLANG_WARN_OBJC_LITERAL_CONVERSION = YES;
				CLANG_WARN_OBJC_ROOT_CLASS = YES_ERROR;
				CLANG_WARN_RANGE_LOOP_ANALYSIS = YES;
				CLANG_WARN_STRICT_PROTOTYPES = YES;
				CLANG_WARN_SUSPICIOUS_MOVE = YES;
				CLANG_WARN_UNREACHABLE_CODE = YES;
				CLANG_WARN__DUPLICATE_METHOD_MATCH = YES;
				"CODE_SIGN_IDENTITY[sdk=iphoneos*]" = "iPhone Developer";
				COPY_PHASE_STRIP = YES;
				ENABLE_NS_ASSERTIONS = NO;
				ENABLE_STRICT_OBJC_MSGSEND = YES;
				GCC_C_LANGUAGE_STANDARD = gnu99;
				GCC_NO_COMMON_BLOCKS = YES;
				GCC_WARN_64_TO_32_BIT_CONVERSION = YES;
				GCC_WARN_ABOUT_RETURN_TYPE = YES_ERROR;
				GCC_WARN_UNDECLARED_SELECTOR = YES;
				GCC_WARN_UNINITIALIZED_AUTOS = YES_AGGRESSIVE;
				GCC_WARN_UNUSED_FUNCTION = YES;
				GCC_WARN_UNUSED_VARIABLE = YES;
				HEADER_SEARCH_PATHS = (
					"$(SRCROOT)/../react-native/React",
					"$(SRCROOT)/../../React",
				);
				INFOPLIST_OTHER_PREPROCESSOR_FLAGS = "-traditional";
				INFOPLIST_PREFIX_HEADER = "${CONFIGURATION_BUILD_DIR}/GeneratedInfoPlistDotEnv.h";
				INFOPLIST_PREPROCESS = YES;
				IPHONEOS_DEPLOYMENT_TARGET = 11.0;
				MTL_ENABLE_DEBUG_INFO = NO;
				SDKROOT = iphoneos;
				SWIFT_COMPILATION_MODE = wholemodule;
				SWIFT_VERSION = 4.0;
				VALIDATE_PRODUCT = YES;
			};
			name = Release;
		};
		8C5A7DCF220F224A00ECCC65 /* Debug */ = {
			isa = XCBuildConfiguration;
			baseConfigurationReference = 1FE43578267C0E0F264449D0 /* Pods-Playpost-PlaypostShareExtension.debug.xcconfig */;
			buildSettings = {
				APPLICATION_EXTENSION_API_ONLY = YES;
				ASSETCATALOG_COMPILER_APPICON_NAME = AppIcon;
				CLANG_ANALYZER_NONNULL = YES;
				CLANG_ANALYZER_NUMBER_OBJECT_CONVERSION = YES_AGGRESSIVE;
				CLANG_CXX_LANGUAGE_STANDARD = "gnu++14";
				CLANG_ENABLE_MODULES = YES;
				CLANG_ENABLE_OBJC_WEAK = YES;
				CLANG_WARN_DOCUMENTATION_COMMENTS = YES;
				CLANG_WARN_UNGUARDED_AVAILABILITY = YES_AGGRESSIVE;
				CODE_SIGN_ENTITLEMENTS = PlaypostShareExtension/PlaypostShareExtension.entitlements;
				CODE_SIGN_IDENTITY = "iPhone Developer";
				CODE_SIGN_STYLE = Automatic;
				DEBUG_INFORMATION_FORMAT = dwarf;
				DEVELOPMENT_TEAM = 8GH8GLAMTU;
				GCC_C_LANGUAGE_STANDARD = gnu11;
				HEADER_SEARCH_PATHS = (
					"$(inherited)",
					"$(SRCROOT)/../node_modules/react-native/React/**",
					"$(SRCROOT)/../node_modules/react-native-share-extension/ios/**",
					"$(SRCROOT)/../node_modules/react-native-config/ios/ReactNativeConfig",
					"$(SRCROOT)/../node_modules/react-native-config/ios/**/**",
				);
				INFOPLIST_FILE = PlaypostShareExtension/Info.plist;
				INFOPLIST_PREFIX_HEADER = "${BUILD_DIR}/GeneratedInfoPlistDotEnv.h";
				IPHONEOS_DEPLOYMENT_TARGET = 11.0;
				LD_RUNPATH_SEARCH_PATHS = "$(inherited) @executable_path/Frameworks @executable_path/../../Frameworks";
				LIBRARY_SEARCH_PATHS = "$(inherited)";
				MTL_ENABLE_DEBUG_INFO = INCLUDE_SOURCE;
				MTL_FAST_MATH = YES;
				OTHER_LDFLAGS = (
					"$(inherited)",
					"-ObjC",
					"-lc++",
				);
				PRODUCT_BUNDLE_IDENTIFIER = com.aardwegmedia.playpost.shareextension;
				PRODUCT_NAME = "$(TARGET_NAME)";
				SKIP_INSTALL = YES;
				SWIFT_OBJC_BRIDGING_HEADER = "PlaypostShareExtension/PlaypostShareExtension-Bridging-Header.h";
				SWIFT_OPTIMIZATION_LEVEL = "-Onone";
				SWIFT_VERSION = 4.0;
				SYSTEM_HEADER_SEARCH_PATHS = "";
				TARGETED_DEVICE_FAMILY = 1;
			};
			name = Debug;
		};
		8C5A7DD0220F224A00ECCC65 /* Release */ = {
			isa = XCBuildConfiguration;
			baseConfigurationReference = C5DFD0BC25DA39F04A97DEA4 /* Pods-Playpost-PlaypostShareExtension.release.xcconfig */;
			buildSettings = {
				APPLICATION_EXTENSION_API_ONLY = YES;
				ASSETCATALOG_COMPILER_APPICON_NAME = AppIcon;
				CLANG_ANALYZER_NONNULL = YES;
				CLANG_ANALYZER_NUMBER_OBJECT_CONVERSION = YES_AGGRESSIVE;
				CLANG_CXX_LANGUAGE_STANDARD = "gnu++14";
				CLANG_ENABLE_MODULES = YES;
				CLANG_ENABLE_OBJC_WEAK = YES;
				CLANG_WARN_DOCUMENTATION_COMMENTS = YES;
				CLANG_WARN_UNGUARDED_AVAILABILITY = YES_AGGRESSIVE;
				CODE_SIGN_ENTITLEMENTS = PlaypostShareExtension/PlaypostShareExtension.entitlements;
				CODE_SIGN_IDENTITY = "iPhone Developer";
				CODE_SIGN_STYLE = Automatic;
				COPY_PHASE_STRIP = NO;
				DEBUG_INFORMATION_FORMAT = "dwarf-with-dsym";
				DEVELOPMENT_TEAM = 8GH8GLAMTU;
				GCC_C_LANGUAGE_STANDARD = gnu11;
				HEADER_SEARCH_PATHS = (
					"$(inherited)",
					"$(SRCROOT)/../node_modules/react-native/React/**",
					"$(SRCROOT)/../node_modules/react-native-share-extension/ios/**",
					"$(SRCROOT)/../node_modules/react-native-config/ios/ReactNativeConfig",
					"$(SRCROOT)/../node_modules/react-native-config/ios/**/**",
				);
				INFOPLIST_FILE = PlaypostShareExtension/Info.plist;
				INFOPLIST_PREFIX_HEADER = "${BUILD_DIR}/GeneratedInfoPlistDotEnv.h";
				IPHONEOS_DEPLOYMENT_TARGET = 11.0;
				LD_RUNPATH_SEARCH_PATHS = "$(inherited) @executable_path/Frameworks @executable_path/../../Frameworks";
				LIBRARY_SEARCH_PATHS = "$(inherited)";
				MTL_FAST_MATH = YES;
				OTHER_LDFLAGS = (
					"$(inherited)",
					"-ObjC",
					"-lc++",
				);
				PRODUCT_BUNDLE_IDENTIFIER = com.aardwegmedia.playpost.shareextension;
				PRODUCT_NAME = "$(TARGET_NAME)";
				SKIP_INSTALL = YES;
				SWIFT_OBJC_BRIDGING_HEADER = "PlaypostShareExtension/PlaypostShareExtension-Bridging-Header.h";
				SWIFT_VERSION = 4.0;
				SYSTEM_HEADER_SEARCH_PATHS = "";
				TARGETED_DEVICE_FAMILY = 1;
			};
			name = Release;
		};
/* End XCBuildConfiguration section */

/* Begin XCConfigurationList section */
		13B07F931A680F5B00A75B9A /* Build configuration list for PBXNativeTarget "Playpost" */ = {
			isa = XCConfigurationList;
			buildConfigurations = (
				13B07F941A680F5B00A75B9A /* Debug */,
				13B07F951A680F5B00A75B9A /* Release */,
			);
			defaultConfigurationIsVisible = 0;
			defaultConfigurationName = Release;
		};
		83CBB9FA1A601CBA00E9B192 /* Build configuration list for PBXProject "Playpost" */ = {
			isa = XCConfigurationList;
			buildConfigurations = (
				83CBBA201A601CBA00E9B192 /* Debug */,
				83CBBA211A601CBA00E9B192 /* Release */,
			);
			defaultConfigurationIsVisible = 0;
			defaultConfigurationName = Release;
		};
		8C5A7DCE220F224A00ECCC65 /* Build configuration list for PBXNativeTarget "PlaypostShareExtension" */ = {
			isa = XCConfigurationList;
			buildConfigurations = (
				8C5A7DCF220F224A00ECCC65 /* Debug */,
				8C5A7DD0220F224A00ECCC65 /* Release */,
			);
			defaultConfigurationIsVisible = 0;
			defaultConfigurationName = Release;
		};
/* End XCConfigurationList section */
	};
	rootObject = 83CBB9F71A601CBA00E9B192 /* Project object */;
}
