PODS:
  - appcenter (2.4.0):
    - AppCenterReactNativeShared
    - React
  - appcenter-analytics (2.4.0):
    - AppCenter/Analytics
    - AppCenterReactNativeShared
    - React
  - appcenter-crashes (2.4.0):
    - AppCenter/Crashes
    - AppCenterReactNativeShared
    - React
  - AppCenter/Analytics (2.3.0):
    - AppCenter/Core
  - AppCenter/Core (2.3.0)
  - AppCenter/Crashes (2.3.0):
    - AppCenter/Core
  - AppCenterReactNativeShared (2.3.0):
    - AppCenter/Core (= 2.3.0)
  - boost-for-react-native (1.63.0)
  - DoubleConversion (1.1.6)
  - FBLazyVector (0.61.1)
  - FBReactNativeSpec (0.61.1):
    - Folly (= 2018.10.22.00)
    - RCTRequired (= 0.61.1)
    - RCTTypeSafety (= 0.61.1)
    - React-Core (= 0.61.1)
    - React-jsi (= 0.61.1)
    - ReactCommon/turbomodule/core (= 0.61.1)
  - Folly (2018.10.22.00):
    - boost-for-react-native
    - DoubleConversion
    - Folly/Default (= 2018.10.22.00)
    - glog
  - Folly/Default (2018.10.22.00):
    - boost-for-react-native
    - DoubleConversion
    - glog
  - glog (0.3.5)
  - RCTRequired (0.61.1)
  - RCTTypeSafety (0.61.1):
    - FBLazyVector (= 0.61.1)
    - Folly (= 2018.10.22.00)
    - RCTRequired (= 0.61.1)
    - React-Core (= 0.61.1)
  - React (0.61.1):
    - React-Core (= 0.61.1)
    - React-Core/DevSupport (= 0.61.1)
    - React-Core/RCTWebSocket (= 0.61.1)
    - React-RCTActionSheet (= 0.61.1)
    - React-RCTAnimation (= 0.61.1)
    - React-RCTBlob (= 0.61.1)
    - React-RCTImage (= 0.61.1)
    - React-RCTLinking (= 0.61.1)
    - React-RCTNetwork (= 0.61.1)
    - React-RCTSettings (= 0.61.1)
    - React-RCTText (= 0.61.1)
    - React-RCTVibration (= 0.61.1)
  - React-Core (0.61.1):
    - Folly (= 2018.10.22.00)
    - glog
    - React-Core/Default (= 0.61.1)
    - React-cxxreact (= 0.61.1)
    - React-jsi (= 0.61.1)
    - React-jsiexecutor (= 0.61.1)
    - Yoga
  - React-Core/CoreModulesHeaders (0.61.1):
    - Folly (= 2018.10.22.00)
    - glog
    - React-Core/Default
    - React-cxxreact (= 0.61.1)
    - React-jsi (= 0.61.1)
    - React-jsiexecutor (= 0.61.1)
    - Yoga
  - React-Core/Default (0.61.1):
    - Folly (= 2018.10.22.00)
    - glog
    - React-cxxreact (= 0.61.1)
    - React-jsi (= 0.61.1)
    - React-jsiexecutor (= 0.61.1)
    - Yoga
  - React-Core/DevSupport (0.61.1):
    - Folly (= 2018.10.22.00)
    - glog
    - React-Core/Default (= 0.61.1)
    - React-Core/RCTWebSocket (= 0.61.1)
    - React-cxxreact (= 0.61.1)
    - React-jsi (= 0.61.1)
    - React-jsiexecutor (= 0.61.1)
    - React-jsinspector (= 0.61.1)
    - Yoga
  - React-Core/RCTActionSheetHeaders (0.61.1):
    - Folly (= 2018.10.22.00)
    - glog
    - React-Core/Default
    - React-cxxreact (= 0.61.1)
    - React-jsi (= 0.61.1)
    - React-jsiexecutor (= 0.61.1)
    - Yoga
  - React-Core/RCTAnimationHeaders (0.61.1):
    - Folly (= 2018.10.22.00)
    - glog
    - React-Core/Default
    - React-cxxreact (= 0.61.1)
    - React-jsi (= 0.61.1)
    - React-jsiexecutor (= 0.61.1)
    - Yoga
  - React-Core/RCTBlobHeaders (0.61.1):
    - Folly (= 2018.10.22.00)
    - glog
    - React-Core/Default
    - React-cxxreact (= 0.61.1)
    - React-jsi (= 0.61.1)
    - React-jsiexecutor (= 0.61.1)
    - Yoga
  - React-Core/RCTImageHeaders (0.61.1):
    - Folly (= 2018.10.22.00)
    - glog
    - React-Core/Default
    - React-cxxreact (= 0.61.1)
    - React-jsi (= 0.61.1)
    - React-jsiexecutor (= 0.61.1)
    - Yoga
  - React-Core/RCTLinkingHeaders (0.61.1):
    - Folly (= 2018.10.22.00)
    - glog
    - React-Core/Default
    - React-cxxreact (= 0.61.1)
    - React-jsi (= 0.61.1)
    - React-jsiexecutor (= 0.61.1)
    - Yoga
  - React-Core/RCTNetworkHeaders (0.61.1):
    - Folly (= 2018.10.22.00)
    - glog
    - React-Core/Default
    - React-cxxreact (= 0.61.1)
    - React-jsi (= 0.61.1)
    - React-jsiexecutor (= 0.61.1)
    - Yoga
  - React-Core/RCTSettingsHeaders (0.61.1):
    - Folly (= 2018.10.22.00)
    - glog
    - React-Core/Default
    - React-cxxreact (= 0.61.1)
    - React-jsi (= 0.61.1)
    - React-jsiexecutor (= 0.61.1)
    - Yoga
  - React-Core/RCTTextHeaders (0.61.1):
    - Folly (= 2018.10.22.00)
    - glog
    - React-Core/Default
    - React-cxxreact (= 0.61.1)
    - React-jsi (= 0.61.1)
    - React-jsiexecutor (= 0.61.1)
    - Yoga
  - React-Core/RCTVibrationHeaders (0.61.1):
    - Folly (= 2018.10.22.00)
    - glog
    - React-Core/Default
    - React-cxxreact (= 0.61.1)
    - React-jsi (= 0.61.1)
    - React-jsiexecutor (= 0.61.1)
    - Yoga
  - React-Core/RCTWebSocket (0.61.1):
    - Folly (= 2018.10.22.00)
    - glog
    - React-Core/Default (= 0.61.1)
    - React-cxxreact (= 0.61.1)
    - React-jsi (= 0.61.1)
    - React-jsiexecutor (= 0.61.1)
    - Yoga
  - React-CoreModules (0.61.1):
    - FBReactNativeSpec (= 0.61.1)
    - Folly (= 2018.10.22.00)
    - RCTTypeSafety (= 0.61.1)
    - React-Core/CoreModulesHeaders (= 0.61.1)
    - React-RCTImage (= 0.61.1)
    - ReactCommon/turbomodule/core (= 0.61.1)
  - React-cxxreact (0.61.1):
    - boost-for-react-native (= 1.63.0)
    - DoubleConversion
    - Folly (= 2018.10.22.00)
    - glog
    - React-jsinspector (= 0.61.1)
  - React-jsi (0.61.1):
    - boost-for-react-native (= 1.63.0)
    - DoubleConversion
    - Folly (= 2018.10.22.00)
    - glog
    - React-jsi/Default (= 0.61.1)
  - React-jsi/Default (0.61.1):
    - boost-for-react-native (= 1.63.0)
    - DoubleConversion
    - Folly (= 2018.10.22.00)
    - glog
  - React-jsiexecutor (0.61.1):
    - DoubleConversion
    - Folly (= 2018.10.22.00)
    - glog
    - React-cxxreact (= 0.61.1)
    - React-jsi (= 0.61.1)
  - React-jsinspector (0.61.1)
  - react-native-netinfo (4.2.2):
    - React
  - react-native-splash-screen (3.2.0):
    - React
  - react-native-track-player (2.0.0-rc13):
    - React
  - react-native-video (5.0.2):
    - React
    - react-native-video/Video (= 5.0.2)
  - react-native-video/Video (5.0.2):
    - React
  - react-native-webview (7.2.7):
    - React
  - React-RCTActionSheet (0.61.1):
    - React-Core/RCTActionSheetHeaders (= 0.61.1)
  - React-RCTAnimation (0.61.1):
    - React-Core/RCTAnimationHeaders (= 0.61.1)
  - React-RCTBlob (0.61.1):
    - React-Core/RCTBlobHeaders (= 0.61.1)
    - React-Core/RCTWebSocket (= 0.61.1)
    - React-jsi (= 0.61.1)
    - React-RCTNetwork (= 0.61.1)
  - React-RCTImage (0.61.1):
    - React-Core/RCTImageHeaders (= 0.61.1)
    - React-RCTNetwork (= 0.61.1)
  - React-RCTLinking (0.61.1):
    - React-Core/RCTLinkingHeaders (= 0.61.1)
  - React-RCTNetwork (0.61.1):
    - React-Core/RCTNetworkHeaders (= 0.61.1)
  - React-RCTSettings (0.61.1):
    - React-Core/RCTSettingsHeaders (= 0.61.1)
  - React-RCTText (0.61.1):
    - React-Core/RCTTextHeaders (= 0.61.1)
  - React-RCTVibration (0.61.1):
    - React-Core/RCTVibrationHeaders (= 0.61.1)
  - ReactCommon/jscallinvoker (0.61.1):
    - DoubleConversion
    - Folly (= 2018.10.22.00)
    - glog
    - React-cxxreact (= 0.61.1)
  - ReactCommon/turbomodule/core (0.61.1):
    - DoubleConversion
    - Folly (= 2018.10.22.00)
    - glog
    - React-Core (= 0.61.1)
    - React-cxxreact (= 0.61.1)
    - React-jsi (= 0.61.1)
    - ReactCommon/jscallinvoker (= 0.61.1)
  - ReactNativeShareExtension (1.2.1):
    - React
  - rn-fetch-blob (0.10.16):
    - React-Core
  - RNCAsyncStorage (1.6.2):
    - React
  - RNDeviceInfo (3.1.4):
    - React
  - RNFS (2.14.1):
    - React
  - RNGestureHandler (1.4.1):
    - React
  - RNIap (3.4.14):
    - React
  - RNInAppBrowser (3.1.0):
    - React
  - RNKeychain (4.0.0):
    - React
  - RNLocalize (1.2.1):
    - React
  - RNReanimated (1.3.0):
    - React
  - RNScreens (1.0.0-alpha.23):
    - React
  - RNVectorIcons (6.6.0):
    - React
  - Yoga (1.14.0)

DEPENDENCIES:
  - appcenter (from `../node_modules/appcenter/ios`)
  - appcenter-analytics (from `../node_modules/appcenter-analytics/ios`)
  - appcenter-crashes (from `../node_modules/appcenter-crashes/ios`)
  - DoubleConversion (from `../node_modules/react-native/third-party-podspecs/DoubleConversion.podspec`)
  - FBLazyVector (from `../node_modules/react-native/Libraries/FBLazyVector`)
  - FBReactNativeSpec (from `../node_modules/react-native/Libraries/FBReactNativeSpec`)
  - Folly (from `../node_modules/react-native/third-party-podspecs/Folly.podspec`)
  - glog (from `../node_modules/react-native/third-party-podspecs/glog.podspec`)
  - RCTRequired (from `../node_modules/react-native/Libraries/RCTRequired`)
  - RCTTypeSafety (from `../node_modules/react-native/Libraries/TypeSafety`)
  - React (from `../node_modules/react-native/`)
  - React-Core (from `../node_modules/react-native/`)
  - React-Core/DevSupport (from `../node_modules/react-native/`)
  - React-Core/RCTWebSocket (from `../node_modules/react-native/`)
  - React-CoreModules (from `../node_modules/react-native/React/CoreModules`)
  - React-cxxreact (from `../node_modules/react-native/ReactCommon/cxxreact`)
  - React-jsi (from `../node_modules/react-native/ReactCommon/jsi`)
  - React-jsiexecutor (from `../node_modules/react-native/ReactCommon/jsiexecutor`)
  - React-jsinspector (from `../node_modules/react-native/ReactCommon/jsinspector`)
  - "react-native-netinfo (from `../node_modules/@react-native-community/netinfo`)"
  - react-native-splash-screen (from `../node_modules/react-native-splash-screen`)
  - react-native-track-player (from `../node_modules/react-native-track-player`)
  - react-native-video (from `../node_modules/react-native-video`)
  - react-native-webview (from `../node_modules/react-native-webview`)
  - React-RCTActionSheet (from `../node_modules/react-native/Libraries/ActionSheetIOS`)
  - React-RCTAnimation (from `../node_modules/react-native/Libraries/NativeAnimation`)
  - React-RCTBlob (from `../node_modules/react-native/Libraries/Blob`)
  - React-RCTImage (from `../node_modules/react-native/Libraries/Image`)
  - React-RCTLinking (from `../node_modules/react-native/Libraries/LinkingIOS`)
  - React-RCTNetwork (from `../node_modules/react-native/Libraries/Network`)
  - React-RCTSettings (from `../node_modules/react-native/Libraries/Settings`)
  - React-RCTText (from `../node_modules/react-native/Libraries/Text`)
  - React-RCTVibration (from `../node_modules/react-native/Libraries/Vibration`)
  - ReactCommon/jscallinvoker (from `../node_modules/react-native/ReactCommon`)
  - ReactCommon/turbomodule/core (from `../node_modules/react-native/ReactCommon`)
  - ReactNativeShareExtension (from `../node_modules/react-native-share-extension/ReactNativeShareExtension.podspec`)
  - rn-fetch-blob (from `../node_modules/rn-fetch-blob`)
  - "RNCAsyncStorage (from `../node_modules/@react-native-community/async-storage`)"
  - RNDeviceInfo (from `../node_modules/react-native-device-info`)
  - RNFS (from `../node_modules/react-native-fs`)
  - RNGestureHandler (from `../node_modules/react-native-gesture-handler`)
  - RNIap (from `../node_modules/react-native-iap`)
  - RNInAppBrowser (from `../node_modules/react-native-inappbrowser-reborn`)
  - RNKeychain (from `../node_modules/react-native-keychain`)
  - RNLocalize (from `../node_modules/react-native-localize`)
  - RNReanimated (from `../node_modules/react-native-reanimated`)
  - RNScreens (from `../node_modules/react-native-screens`)
  - RNVectorIcons (from `../node_modules/react-native-vector-icons`)
  - Yoga (from `../node_modules/react-native/ReactCommon/yoga`)

SPEC REPOS:
  https://github.com/cocoapods/specs.git:
    - AppCenter
    - AppCenterReactNativeShared
    - boost-for-react-native

EXTERNAL SOURCES:
  appcenter:
    :path: "../node_modules/appcenter/ios"
  appcenter-analytics:
    :path: "../node_modules/appcenter-analytics/ios"
  appcenter-crashes:
    :path: "../node_modules/appcenter-crashes/ios"
  DoubleConversion:
    :podspec: "../node_modules/react-native/third-party-podspecs/DoubleConversion.podspec"
  FBLazyVector:
    :path: "../node_modules/react-native/Libraries/FBLazyVector"
  FBReactNativeSpec:
    :path: "../node_modules/react-native/Libraries/FBReactNativeSpec"
  Folly:
    :podspec: "../node_modules/react-native/third-party-podspecs/Folly.podspec"
  glog:
    :podspec: "../node_modules/react-native/third-party-podspecs/glog.podspec"
  RCTRequired:
    :path: "../node_modules/react-native/Libraries/RCTRequired"
  RCTTypeSafety:
    :path: "../node_modules/react-native/Libraries/TypeSafety"
  React:
    :path: "../node_modules/react-native/"
  React-Core:
    :path: "../node_modules/react-native/"
  React-CoreModules:
    :path: "../node_modules/react-native/React/CoreModules"
  React-cxxreact:
    :path: "../node_modules/react-native/ReactCommon/cxxreact"
  React-jsi:
    :path: "../node_modules/react-native/ReactCommon/jsi"
  React-jsiexecutor:
    :path: "../node_modules/react-native/ReactCommon/jsiexecutor"
  React-jsinspector:
    :path: "../node_modules/react-native/ReactCommon/jsinspector"
  react-native-netinfo:
    :path: "../node_modules/@react-native-community/netinfo"
  react-native-splash-screen:
    :path: "../node_modules/react-native-splash-screen"
  react-native-track-player:
    :path: "../node_modules/react-native-track-player"
  react-native-video:
    :path: "../node_modules/react-native-video"
  react-native-webview:
    :path: "../node_modules/react-native-webview"
  React-RCTActionSheet:
    :path: "../node_modules/react-native/Libraries/ActionSheetIOS"
  React-RCTAnimation:
    :path: "../node_modules/react-native/Libraries/NativeAnimation"
  React-RCTBlob:
    :path: "../node_modules/react-native/Libraries/Blob"
  React-RCTImage:
    :path: "../node_modules/react-native/Libraries/Image"
  React-RCTLinking:
    :path: "../node_modules/react-native/Libraries/LinkingIOS"
  React-RCTNetwork:
    :path: "../node_modules/react-native/Libraries/Network"
  React-RCTSettings:
    :path: "../node_modules/react-native/Libraries/Settings"
  React-RCTText:
    :path: "../node_modules/react-native/Libraries/Text"
  React-RCTVibration:
    :path: "../node_modules/react-native/Libraries/Vibration"
  ReactCommon:
    :path: "../node_modules/react-native/ReactCommon"
  ReactNativeShareExtension:
    :podspec: "../node_modules/react-native-share-extension/ReactNativeShareExtension.podspec"
  rn-fetch-blob:
    :path: "../node_modules/rn-fetch-blob"
  RNCAsyncStorage:
    :path: "../node_modules/@react-native-community/async-storage"
  RNDeviceInfo:
    :path: "../node_modules/react-native-device-info"
  RNFS:
    :path: "../node_modules/react-native-fs"
  RNGestureHandler:
    :path: "../node_modules/react-native-gesture-handler"
  RNIap:
    :path: "../node_modules/react-native-iap"
  RNInAppBrowser:
    :path: "../node_modules/react-native-inappbrowser-reborn"
  RNKeychain:
    :path: "../node_modules/react-native-keychain"
  RNLocalize:
    :path: "../node_modules/react-native-localize"
  RNReanimated:
    :path: "../node_modules/react-native-reanimated"
  RNScreens:
    :path: "../node_modules/react-native-screens"
  RNVectorIcons:
    :path: "../node_modules/react-native-vector-icons"
  Yoga:
    :path: "../node_modules/react-native/ReactCommon/yoga"

SPEC CHECKSUMS:
  AppCenter: 9784d2fc998c9bd0b8fbaf4fb9ed69526d12ce1a
  appcenter: 4072e79b8d037d99056e6fc6556224b4525b5829
  appcenter-analytics: 94be52eca805d586207d710aac95e0ddca8b3ddb
  appcenter-crashes: 30caece47856aee7c4c7449d4f4dae2d69795bd6
  AppCenterReactNativeShared: 7ac481cba7f926848a7be76dca4dcb2692df3b06
  boost-for-react-native: 39c7adb57c4e60d6c5479dd8623128eb5b3f0f2c
  DoubleConversion: 5805e889d232975c086db112ece9ed034df7a0b2
  FBLazyVector: 0846affdb2924b01093eb696766ecb0104e409e0
  FBReactNativeSpec: c4cf958af1b97799b524f63a26a1c509c0295b04
  Folly: 30e7936e1c45c08d884aa59369ed951a8e68cf51
  glog: 1f3da668190260b06b429bb211bfbee5cd790c28
  RCTRequired: 53825815218847d3e9c7b6d92ad2d197a926d51e
  RCTTypeSafety: d886540c518e53064dfa081bf7693fd650699b92
  React: 5dea58967c421bd1fdf6b94c18b9ed0f5134683c
  React-Core: b381e65aa0da9b94b9dcdc4a99298075b1c3876c
  React-CoreModules: 4ed224e29848ba76d26aacb8e3fe85712d3c4fe1
  React-cxxreact: 52c98f5c1fb4e4d9f4b588742718350a55f4f088
  React-jsi: 61ff417c95e6c3af50fb96399037e80752fb5ce7
  React-jsiexecutor: ee45274419eb95614bbbadb98e20684c5f29996e
  React-jsinspector: 574d597112f9ea3d1b717f6fb62aef764c70dd6f
  react-native-netinfo: 0edde14215abf6352ea5c8f9440e777e12ad6a0f
  react-native-splash-screen: 200d11d188e2e78cea3ad319964f6142b6384865
  react-native-track-player: 6c2c2f163534bb6d6b5fea68959b3641f70718dd
  react-native-video: 961749da457e73bf0b5565edfbaffc25abfb8974
  react-native-webview: 4e86924f095da5cb81708104d414e37ae43f2978
  React-RCTActionSheet: af4d951113b1e068bb30611f91b984a7a73597ff
  React-RCTAnimation: 4f518d70bb6890b7c3d9d732f84786d6693ca297
  React-RCTBlob: 072a4888c08de0eef6d04eaa727d25e577e6ff26
  React-RCTImage: 78c5cdf1b2de6cd3cd650dd741868fad19a35528
  React-RCTLinking: 486ed1c9a659c7f9fea213868f8930b9a0a79f07
  React-RCTNetwork: e79599f3160b459da03447e32b8bcca1a0f0f797
  React-RCTSettings: 48b7c5a64ffe0c54c39d59eb7d9036e72305f95a
  React-RCTText: 81b62b4e7f11531a5154e4daa5617670d5a2d5de
  React-RCTVibration: 8be61459e3749d1fb02cf414edd05b3007622882
  ReactCommon: 4fba5be89efdf0b5720e0adb3d8d7edf6e532db0
  ReactNativeShareExtension: 7abfce32b7f831e659da3ac2bd441159672ba3b0
  rn-fetch-blob: 651b8d076b43d0d7aa294a3d9ec16c00aab8bef9
  RNCAsyncStorage: 5ae4d57458804e99f73d427214442a6b10a53856
  RNDeviceInfo: 9e88577c51bd42f65275e53bb0de0a0f728ed6b8
  RNFS: a8fbe7060fa49157d819466404794ad9c58e58cf
  RNGestureHandler: 4cb47a93019c1a201df2644413a0a1569a51c8aa
  RNIap: 07db85f8a48e976d295c0b1b9826acf9e401fafd
  RNInAppBrowser: c0c1f509fe1ced46d751b61463be847c9b139ae9
  RNKeychain: de0a565ff2f548576ac494612f05f77a7cda3f55
  RNLocalize: 7206d44eb341d6e2a61a8184b831c64a5539fcdf
  RNReanimated: 6abbbae2e5e72609d85aabd92a982a94566885f1
  RNScreens: f28b48b8345f2f5f39ed6195518291515032a788
  RNVectorIcons: 0bb4def82230be1333ddaeee9fcba45f0b288ed4
  Yoga: d8c572ddec8d05b7dba08e4e5f1924004a177078

PODFILE CHECKSUM: 65e8bd55ee8dade95bae021330fb71172528ce5b

COCOAPODS: 1.7.1
